// !$*UTF8*$!
{
	archiveVersion = 1;
	classes = {
	};
	objectVersion = 46;
	objects = {

/* Begin PBXBuildFile section */
		4B71228F14BCC26F00F2C5B6 /* InfoPlist.strings in Resources */ = {isa = PBXBuildFile; fileRef = 4B71228214BCC26F00F2C5B6 /* InfoPlist.strings */; };
		4B71229214BCC26F00F2C5B6 /* main.m in Sources */ = {isa = PBXBuildFile; fileRef = 4B71228814BCC26F00F2C5B6 /* main.m */; };
		4B98187114E53E3100EC5805 /* LinkedInSendMessage.m in Sources */ = {isa = PBXBuildFile; fileRef = 4B98187014E53E3100EC5805 /* LinkedInSendMessage.m */; };
		4BB7B75214E9B09B00D44BE7 /* SettingsController.m in Sources */ = {isa = PBXBuildFile; fileRef = 4BB7B75014E9B09B00D44BE7 /* SettingsController.m */; };
		4BB7B76014EA8B7D00D44BE7 /* ProviderContactsController.m in Sources */ = {isa = PBXBuildFile; fileRef = 4BB7B75F14EA8B7D00D44BE7 /* ProviderContactsController.m */; };
		4BB7B76314EAAE1000D44BE7 /* LocalContactsController.m in Sources */ = {isa = PBXBuildFile; fileRef = 4BB7B76214EAAE1000D44BE7 /* LocalContactsController.m */; };
		4BB7B76514EAB21400D44BE7 /* AddressBook.framework in Frameworks */ = {isa = PBXBuildFile; fileRef = 4BB7B76414EAB21400D44BE7 /* AddressBook.framework */; };
		4BB7B76B14EC482200D44BE7 /* StayConnected.xcdatamodeld in Sources */ = {isa = PBXBuildFile; fileRef = 4BB7B76914EC482200D44BE7 /* StayConnected.xcdatamodeld */; };
		4BB7B77914EC500E00D44BE7 /* CoreData.framework in Frameworks */ = {isa = PBXBuildFile; fileRef = 4BB7B77814EC500E00D44BE7 /* CoreData.framework */; };
		4BBCA72F14BCC1D4004B135E /* UIKit.framework in Frameworks */ = {isa = PBXBuildFile; fileRef = 4BBCA72E14BCC1D4004B135E /* UIKit.framework */; };
		4BBCA73114BCC1D4004B135E /* Foundation.framework in Frameworks */ = {isa = PBXBuildFile; fileRef = 4BBCA73014BCC1D4004B135E /* Foundation.framework */; };
		4BBCA73314BCC1D4004B135E /* CoreGraphics.framework in Frameworks */ = {isa = PBXBuildFile; fileRef = 4BBCA73214BCC1D4004B135E /* CoreGraphics.framework */; };
		4BC2F00414E327E400E5AC76 /* LinkedInGetContacts.m in Sources */ = {isa = PBXBuildFile; fileRef = 4BC2F00314E327E400E5AC76 /* LinkedInGetContacts.m */; };
		4BC2F00714E3281300E5AC76 /* LinkedInCommandBaseImpl.m in Sources */ = {isa = PBXBuildFile; fileRef = 4BC2F00614E3281300E5AC76 /* LinkedInCommandBaseImpl.m */; };
		4BC2F00A14E5291100E5AC76 /* LinkedInCreateNewContacts.m in Sources */ = {isa = PBXBuildFile; fileRef = 4BC2F00914E5291100E5AC76 /* LinkedInCreateNewContacts.m */; };
		4BC2F00D14E5360700E5AC76 /* LinkedInSearchContacts.m in Sources */ = {isa = PBXBuildFile; fileRef = 4BC2F00C14E5360700E5AC76 /* LinkedInSearchContacts.m */; };
		4BF2F2DF14EC538E00383CCE /* Account.m in Sources */ = {isa = PBXBuildFile; fileRef = 4BF2F2DE14EC538E00383CCE /* Account.m */; };
		4BF2F2E214EC53A600383CCE /* Friend.m in Sources */ = {isa = PBXBuildFile; fileRef = 4BF2F2E114EC53A600383CCE /* Friend.m */; };
		4BF2F2E514EC599E00383CCE /* DataStore.m in Sources */ = {isa = PBXBuildFile; fileRef = 4BF2F2E414EC599E00383CCE /* DataStore.m */; };
		6278EEE414CF73D3006F3994 /* ContactBaseImpl.m in Sources */ = {isa = PBXBuildFile; fileRef = 6278EEDF14CF73D3006F3994 /* ContactBaseImpl.m */; };
		6278EEE514CF73D3006F3994 /* ContactGroupBaseImpl.m in Sources */ = {isa = PBXBuildFile; fileRef = 6278EEE114CF73D3006F3994 /* ContactGroupBaseImpl.m */; };
		6278EEE614CF73D3006F3994 /* ContactsProviderBaseImpl.m in Sources */ = {isa = PBXBuildFile; fileRef = 6278EEE314CF73D3006F3994 /* ContactsProviderBaseImpl.m */; };
		6278EEE914CF73EF006F3994 /* OAuthURLConnection.m in Sources */ = {isa = PBXBuildFile; fileRef = 6278EEE814CF73EF006F3994 /* OAuthURLConnection.m */; };
		6278EEEC14CF7428006F3994 /* TwitterCommandBaseImpl.m in Sources */ = {isa = PBXBuildFile; fileRef = 6278EEEB14CF7428006F3994 /* TwitterCommandBaseImpl.m */; };
		6278EEEF14CF748D006F3994 /* BusyLocker.m in Sources */ = {isa = PBXBuildFile; fileRef = 6278EEEE14CF748D006F3994 /* BusyLocker.m */; };
		62DB587A14C1D9850002B1DA /* Security.framework in Frameworks */ = {isa = PBXBuildFile; fileRef = 62DB587914C1D9850002B1DA /* Security.framework */; };
		62DB587C14C1D98E0002B1DA /* Twitter.framework in Frameworks */ = {isa = PBXBuildFile; fileRef = 62DB587B14C1D98E0002B1DA /* Twitter.framework */; };
		62DB587E14C1D99B0002B1DA /* Accounts.framework in Frameworks */ = {isa = PBXBuildFile; fileRef = 62DB587D14C1D99B0002B1DA /* Accounts.framework */; };
		62F0310614D4A3F600EA58DC /* TwitterContactGroup.m in Sources */ = {isa = PBXBuildFile; fileRef = 62F0310514D4A3F600EA58DC /* TwitterContactGroup.m */; };
		CB4B6A6F14C80FCB00803144 /* QuartzCore.framework in Frameworks */ = {isa = PBXBuildFile; fileRef = CB4B6A6E14C80FCB00803144 /* QuartzCore.framework */; };
		CB4B6A7114C80FD700803144 /* iAd.framework in Frameworks */ = {isa = PBXBuildFile; fileRef = CB4B6A7014C80FD700803144 /* iAd.framework */; };
		CB4B6AE214CB291400803144 /* AppDelegate.m in Sources */ = {isa = PBXBuildFile; fileRef = CB4B6ADD14CB291400803144 /* AppDelegate.m */; };
		CB4B6AE314CB291400803144 /* AppMenuViewController.m in Sources */ = {isa = PBXBuildFile; fileRef = CB4B6ADF14CB291400803144 /* AppMenuViewController.m */; };
		CB4B6AE414CB291400803144 /* AppStackController.m in Sources */ = {isa = PBXBuildFile; fileRef = CB4B6AE114CB291400803144 /* AppStackController.m */; };
		CB4B6AE914CB292E00803144 /* MainWindow-iPad.xib in Resources */ = {isa = PBXBuildFile; fileRef = CB4B6AE514CB292E00803144 /* MainWindow-iPad.xib */; };
		CB4B6AEA14CB292E00803144 /* MainWindow.xib in Resources */ = {isa = PBXBuildFile; fileRef = CB4B6AE714CB292E00803144 /* MainWindow.xib */; };
		CB4B6AF914CB2CAC00803144 /* FacebookAuthoriser.m in Sources */ = {isa = PBXBuildFile; fileRef = CB4B6AEC14CB2CAB00803144 /* FacebookAuthoriser.m */; };
		CB4B6AFA14CB2CAC00803144 /* FacebookConstants.m in Sources */ = {isa = PBXBuildFile; fileRef = CB4B6AEE14CB2CAB00803144 /* FacebookConstants.m */; };
		CB4B6AFB14CB2CAC00803144 /* FacebookContact.m in Sources */ = {isa = PBXBuildFile; fileRef = CB4B6AF014CB2CAB00803144 /* FacebookContact.m */; };
		CB4B6AFC14CB2CAC00803144 /* FacebookContactGroup.m in Sources */ = {isa = PBXBuildFile; fileRef = CB4B6AF214CB2CAB00803144 /* FacebookContactGroup.m */; };
		CB4B6AFD14CB2CAC00803144 /* FacebookContactsProvider.m in Sources */ = {isa = PBXBuildFile; fileRef = CB4B6AF414CB2CAB00803144 /* FacebookContactsProvider.m */; };
		CB4B6AFE14CB2CAC00803144 /* FacebookGetContacts.m in Sources */ = {isa = PBXBuildFile; fileRef = CB4B6AF614CB2CAC00803144 /* FacebookGetContacts.m */; };
		CB4B6AFF14CB2CAC00803144 /* FacebookSearchContacts.m in Sources */ = {isa = PBXBuildFile; fileRef = CB4B6AF814CB2CAC00803144 /* FacebookSearchContacts.m */; };
		CB4B6B0914CB2CE300803144 /* ContactAttributes.m in Sources */ = {isa = PBXBuildFile; fileRef = CB4B6B0214CB2CE300803144 /* ContactAttributes.m */; };
		CB4B6B1014CB2D1800803144 /* MenuTableViewCell.m in Sources */ = {isa = PBXBuildFile; fileRef = CB4B6B0D14CB2D1800803144 /* MenuTableViewCell.m */; };
		CB4B6B1114CB2D1800803144 /* UIImage+OverlayColor.m in Sources */ = {isa = PBXBuildFile; fileRef = CB4B6B0F14CB2D1800803144 /* UIImage+OverlayColor.m */; };
		CB4B6B1A14CB2D4000803144 /* LinkedInConstants.m in Sources */ = {isa = PBXBuildFile; fileRef = CB4B6B1314CB2D4000803144 /* LinkedInConstants.m */; };
		CB4B6B1B14CB2D4000803144 /* LinkedInContact.m in Sources */ = {isa = PBXBuildFile; fileRef = CB4B6B1514CB2D4000803144 /* LinkedInContact.m */; };
		CB4B6B1C14CB2D4000803144 /* LinkedInContactGroup.m in Sources */ = {isa = PBXBuildFile; fileRef = CB4B6B1714CB2D4000803144 /* LinkedInContactGroup.m */; };
		CB4B6B1D14CB2D4000803144 /* LinkedInContactsProvider.m in Sources */ = {isa = PBXBuildFile; fileRef = CB4B6B1914CB2D4000803144 /* LinkedInContactsProvider.m */; };
		CB4B6B4B14CB2DB400803144 /* TwitterConstants.m in Sources */ = {isa = PBXBuildFile; fileRef = CB4B6B3A14CB2DB400803144 /* TwitterConstants.m */; };
		CB4B6B4C14CB2DB400803144 /* TwitterContact.m in Sources */ = {isa = PBXBuildFile; fileRef = CB4B6B3C14CB2DB400803144 /* TwitterContact.m */; };
		CB4B6B4D14CB2DB400803144 /* TwitterContactsProvider.m in Sources */ = {isa = PBXBuildFile; fileRef = CB4B6B3E14CB2DB400803144 /* TwitterContactsProvider.m */; };
		CB4B6B4E14CB2DB400803144 /* TwitterCreateNewContacts.m in Sources */ = {isa = PBXBuildFile; fileRef = CB4B6B4014CB2DB400803144 /* TwitterCreateNewContacts.m */; };
		CB4B6B4F14CB2DB400803144 /* TwitterGetContacts.m in Sources */ = {isa = PBXBuildFile; fileRef = CB4B6B4214CB2DB400803144 /* TwitterGetContacts.m */; };
		CB4B6B5214CB2DB400803144 /* TwitterSearchContacts.m in Sources */ = {isa = PBXBuildFile; fileRef = CB4B6B4814CB2DB400803144 /* TwitterSearchContacts.m */; };
		CB4B6B5314CB2DB400803144 /* TwitterSendMessage.m in Sources */ = {isa = PBXBuildFile; fileRef = CB4B6B4A14CB2DB400803144 /* TwitterSendMessage.m */; };
		CB4B6B5614CB2DD600803144 /* OAuthRequestor.m in Sources */ = {isa = PBXBuildFile; fileRef = CB4B6B5514CB2DD600803144 /* OAuthRequestor.m */; };
		CB4B6B5B14CB2DF200803144 /* Constants.m in Sources */ = {isa = PBXBuildFile; fileRef = CB4B6B5814CB2DF200803144 /* Constants.m */; };
		CB4B6B5C14CB2DF200803144 /* StayConnectedError.m in Sources */ = {isa = PBXBuildFile; fileRef = CB4B6B5A14CB2DF200803144 /* StayConnectedError.m */; };
		CB4B6B6014CB2E1800803144 /* background.png in Resources */ = {isa = PBXBuildFile; fileRef = CB4B6B5D14CB2E1800803144 /* background.png */; };
		CB4B6B6114CB2E1800803144 /* NewGlow.png in Resources */ = {isa = PBXBuildFile; fileRef = CB4B6B5E14CB2E1800803144 /* NewGlow.png */; };
		CB4B6B6214CB2E1800803144 /* NewGlow@2x.png in Resources */ = {isa = PBXBuildFile; fileRef = CB4B6B5F14CB2E1800803144 /* NewGlow@2x.png */; };
		CB4B6BBD14CB2F3600803144 /* Facebook.m in Sources */ = {isa = PBXBuildFile; fileRef = CB4B6B6914CB2F3600803144 /* Facebook.m */; };
		CB4B6BBE14CB2F3600803144 /* FBDialog.bundle in Resources */ = {isa = PBXBuildFile; fileRef = CB4B6B6C14CB2F3600803144 /* FBDialog.bundle */; };
		CB4B6BBF14CB2F3600803144 /* FBDialog.m in Sources */ = {isa = PBXBuildFile; fileRef = CB4B6B6E14CB2F3600803144 /* FBDialog.m */; };
		CB4B6BC014CB2F3600803144 /* FBLoginDialog.m in Sources */ = {isa = PBXBuildFile; fileRef = CB4B6B7014CB2F3600803144 /* FBLoginDialog.m */; };
		CB4B6BC114CB2F3600803144 /* FBRequest.m in Sources */ = {isa = PBXBuildFile; fileRef = CB4B6B7214CB2F3600803144 /* FBRequest.m */; };
		CB4B6BC214CB2F3600803144 /* NSObject+SBJSON.m in Sources */ = {isa = PBXBuildFile; fileRef = CB4B6B7614CB2F3600803144 /* NSObject+SBJSON.m */; };
		CB4B6BC314CB2F3600803144 /* NSString+SBJSON.m in Sources */ = {isa = PBXBuildFile; fileRef = CB4B6B7814CB2F3600803144 /* NSString+SBJSON.m */; };
		CB4B6BC414CB2F3600803144 /* SBJSON.m in Sources */ = {isa = PBXBuildFile; fileRef = CB4B6B7A14CB2F3600803144 /* SBJSON.m */; };
		CB4B6BC514CB2F3600803144 /* SBJsonBase.m in Sources */ = {isa = PBXBuildFile; fileRef = CB4B6B7C14CB2F3600803144 /* SBJsonBase.m */; };
		CB4B6BC614CB2F3600803144 /* SBJsonParser.m in Sources */ = {isa = PBXBuildFile; fileRef = CB4B6B7E14CB2F3600803144 /* SBJsonParser.m */; };
		CB4B6BC714CB2F3600803144 /* SBJsonWriter.m in Sources */ = {isa = PBXBuildFile; fileRef = CB4B6B8014CB2F3600803144 /* SBJsonWriter.m */; };
		CB4B6BC814CB2F3600803144 /* NSMutableURLRequest+Parameters.m in Sources */ = {isa = PBXBuildFile; fileRef = CB4B6B8414CB2F3600803144 /* NSMutableURLRequest+Parameters.m */; };
		CB4B6BC914CB2F3600803144 /* NSString+URLEncoding.m in Sources */ = {isa = PBXBuildFile; fileRef = CB4B6B8614CB2F3600803144 /* NSString+URLEncoding.m */; };
		CB4B6BCA14CB2F3600803144 /* NSURL+Base.m in Sources */ = {isa = PBXBuildFile; fileRef = CB4B6B8814CB2F3600803144 /* NSURL+Base.m */; };
		CB4B6BCB14CB2F3600803144 /* Base64Transcoder.c in Sources */ = {isa = PBXBuildFile; fileRef = CB4B6B8A14CB2F3600803144 /* Base64Transcoder.c */; };
		CB4B6BCC14CB2F3600803144 /* hmac.c in Sources */ = {isa = PBXBuildFile; fileRef = CB4B6B8C14CB2F3600803144 /* hmac.c */; };
		CB4B6BCD14CB2F3600803144 /* sha1.c in Sources */ = {isa = PBXBuildFile; fileRef = CB4B6B8E14CB2F3600803144 /* sha1.c */; };
		CB4B6BCE14CB2F3600803144 /* OAAttachment.m in Sources */ = {isa = PBXBuildFile; fileRef = CB4B6B9114CB2F3600803144 /* OAAttachment.m */; };
		CB4B6BCF14CB2F3600803144 /* OACall.m in Sources */ = {isa = PBXBuildFile; fileRef = CB4B6B9314CB2F3600803144 /* OACall.m */; };
		CB4B6BD014CB2F3600803144 /* OAConsumer.m in Sources */ = {isa = PBXBuildFile; fileRef = CB4B6B9514CB2F3600803144 /* OAConsumer.m */; };
		CB4B6BD114CB2F3600803144 /* OADataFetcher.m in Sources */ = {isa = PBXBuildFile; fileRef = CB4B6B9714CB2F3600803144 /* OADataFetcher.m */; };
		CB4B6BD214CB2F3600803144 /* OAHMAC_SHA1SignatureProvider.m in Sources */ = {isa = PBXBuildFile; fileRef = CB4B6B9914CB2F3600803144 /* OAHMAC_SHA1SignatureProvider.m */; };
		CB4B6BD314CB2F3600803144 /* OAMutableURLRequest.m in Sources */ = {isa = PBXBuildFile; fileRef = CB4B6B9B14CB2F3600803144 /* OAMutableURLRequest.m */; };
		CB4B6BD414CB2F3600803144 /* OAPlaintextSignatureProvider.m in Sources */ = {isa = PBXBuildFile; fileRef = CB4B6B9D14CB2F3600803144 /* OAPlaintextSignatureProvider.m */; };
		CB4B6BD514CB2F3600803144 /* OAProblem.m in Sources */ = {isa = PBXBuildFile; fileRef = CB4B6B9F14CB2F3600803144 /* OAProblem.m */; };
		CB4B6BD614CB2F3600803144 /* OARequestParameter.m in Sources */ = {isa = PBXBuildFile; fileRef = CB4B6BA114CB2F3600803144 /* OARequestParameter.m */; };
		CB4B6BD714CB2F3600803144 /* OAServiceTicket.m in Sources */ = {isa = PBXBuildFile; fileRef = CB4B6BA314CB2F3600803144 /* OAServiceTicket.m */; };
		CB4B6BD814CB2F3600803144 /* OATestServer.rb in Resources */ = {isa = PBXBuildFile; fileRef = CB4B6BA514CB2F3600803144 /* OATestServer.rb */; };
		CB4B6BD914CB2F3600803144 /* OAToken.m in Sources */ = {isa = PBXBuildFile; fileRef = CB4B6BA714CB2F3600803144 /* OAToken.m */; };
		CB4B6BDA14CB2F3600803144 /* OATokenManager.m in Sources */ = {isa = PBXBuildFile; fileRef = CB4B6BA914CB2F3600803144 /* OATokenManager.m */; };
		CB4B6BDB14CB2F3600803144 /* README in Resources */ = {isa = PBXBuildFile; fileRef = CB4B6BAB14CB2F3600803144 /* README */; };
		CB4B6BDC14CB2F3600803144 /* PSStackedViewController.m in Sources */ = {isa = PBXBuildFile; fileRef = CB4B6BB014CB2F3600803144 /* PSStackedViewController.m */; };
		CB4B6BDD14CB2F3600803144 /* PSStackedViewGlobal.m in Sources */ = {isa = PBXBuildFile; fileRef = CB4B6BB314CB2F3600803144 /* PSStackedViewGlobal.m */; };
		CB4B6BDE14CB2F3600803144 /* PSSVContainerView.m in Sources */ = {isa = PBXBuildFile; fileRef = CB4B6BB514CB2F3600803144 /* PSSVContainerView.m */; };
		CB4B6BDF14CB2F3600803144 /* UIView+PSSizes.m in Sources */ = {isa = PBXBuildFile; fileRef = CB4B6BB714CB2F3600803144 /* UIView+PSSizes.m */; };
		CB4B6BE014CB2F3600803144 /* UIViewController+PSStackedView.m in Sources */ = {isa = PBXBuildFile; fileRef = CB4B6BB914CB2F3600803144 /* UIViewController+PSStackedView.m */; };
		CB4B6C2D14CC32E200803144 /* ConnectionController.m in Sources */ = {isa = PBXBuildFile; fileRef = CB4B6C2A14CC32E200803144 /* ConnectionController.m */; };
		CB4B6C2E14CC32E200803144 /* WebViewController.m in Sources */ = {isa = PBXBuildFile; fileRef = CB4B6C2C14CC32E200803144 /* WebViewController.m */; };
		CB4B6C3014CC32F900803144 /* WebViewController.xib in Resources */ = {isa = PBXBuildFile; fileRef = CB4B6C2F14CC32F900803144 /* WebViewController.xib */; };
		CB4B6C3414CC359000803144 /* ActivityLabel.m in Sources */ = {isa = PBXBuildFile; fileRef = CB4B6C3314CC359000803144 /* ActivityLabel.m */; };
		CB4B6C3714CC3A0F00803144 /* StayConnectedMetrics.m in Sources */ = {isa = PBXBuildFile; fileRef = CB4B6C3614CC3A0E00803144 /* StayConnectedMetrics.m */; };
/* End PBXBuildFile section */

/* Begin PBXContainerItemProxy section */
		CB4B6BE214CB2F3700803144 /* PBXContainerItemProxy */ = {
			isa = PBXContainerItemProxy;
			containerPortal = CB4B6B6514CB2F3600803144 /* facebook-ios-sdk.xcodeproj */;
			proxyType = 2;
			remoteGlobalIDString = D2AAC07E0554694100DB518D;
			remoteInfo = "facebook-ios-sdk";
		};
/* End PBXContainerItemProxy section */

/* Begin PBXFileReference section */
		4B71228314BCC26F00F2C5B6 /* en */ = {isa = PBXFileReference; lastKnownFileType = text.plist.strings; name = en; path = en.lproj/InfoPlist.strings; sourceTree = "<group>"; };
		4B71228814BCC26F00F2C5B6 /* main.m */ = {isa = PBXFileReference; fileEncoding = 4; lastKnownFileType = sourcecode.c.objc; path = main.m; sourceTree = "<group>"; };
		4B71228914BCC26F00F2C5B6 /* StayConnected-Info.plist */ = {isa = PBXFileReference; fileEncoding = 4; lastKnownFileType = text.plist.xml; path = "StayConnected-Info.plist"; sourceTree = "<group>"; };
		4B71228A14BCC26F00F2C5B6 /* StayConnected-Prefix.pch */ = {isa = PBXFileReference; fileEncoding = 4; lastKnownFileType = sourcecode.c.h; path = "StayConnected-Prefix.pch"; sourceTree = "<group>"; };
		4B98186F14E53E3100EC5805 /* LinkedInSendMessage.h */ = {isa = PBXFileReference; fileEncoding = 4; lastKnownFileType = sourcecode.c.h; path = LinkedInSendMessage.h; sourceTree = "<group>"; };
		4B98187014E53E3100EC5805 /* LinkedInSendMessage.m */ = {isa = PBXFileReference; fileEncoding = 4; lastKnownFileType = sourcecode.c.objc; path = LinkedInSendMessage.m; sourceTree = "<group>"; };
		4BB7B74F14E9B09B00D44BE7 /* SettingsController.h */ = {isa = PBXFileReference; fileEncoding = 4; lastKnownFileType = sourcecode.c.h; path = SettingsController.h; sourceTree = "<group>"; };
		4BB7B75014E9B09B00D44BE7 /* SettingsController.m */ = {isa = PBXFileReference; fileEncoding = 4; lastKnownFileType = sourcecode.c.objc; path = SettingsController.m; sourceTree = "<group>"; };
		4BB7B75E14EA8B7D00D44BE7 /* ProviderContactsController.h */ = {isa = PBXFileReference; fileEncoding = 4; lastKnownFileType = sourcecode.c.h; path = ProviderContactsController.h; sourceTree = "<group>"; };
		4BB7B75F14EA8B7D00D44BE7 /* ProviderContactsController.m */ = {isa = PBXFileReference; fileEncoding = 4; lastKnownFileType = sourcecode.c.objc; path = ProviderContactsController.m; sourceTree = "<group>"; };
		4BB7B76114EAAE1000D44BE7 /* LocalContactsController.h */ = {isa = PBXFileReference; fileEncoding = 4; lastKnownFileType = sourcecode.c.h; path = LocalContactsController.h; sourceTree = "<group>"; };
		4BB7B76214EAAE1000D44BE7 /* LocalContactsController.m */ = {isa = PBXFileReference; fileEncoding = 4; lastKnownFileType = sourcecode.c.objc; path = LocalContactsController.m; sourceTree = "<group>"; };
		4BB7B76414EAB21400D44BE7 /* AddressBook.framework */ = {isa = PBXFileReference; lastKnownFileType = wrapper.framework; name = AddressBook.framework; path = System/Library/Frameworks/AddressBook.framework; sourceTree = SDKROOT; };
		4BB7B76A14EC482200D44BE7 /* StayConnected.xcdatamodel */ = {isa = PBXFileReference; lastKnownFileType = wrapper.xcdatamodel; path = StayConnected.xcdatamodel; sourceTree = "<group>"; };
		4BB7B77814EC500E00D44BE7 /* CoreData.framework */ = {isa = PBXFileReference; lastKnownFileType = wrapper.framework; name = CoreData.framework; path = System/Library/Frameworks/CoreData.framework; sourceTree = SDKROOT; };
		4BBCA72A14BCC1D4004B135E /* StayConnected.app */ = {isa = PBXFileReference; explicitFileType = wrapper.application; includeInIndex = 0; path = StayConnected.app; sourceTree = BUILT_PRODUCTS_DIR; };
		4BBCA72E14BCC1D4004B135E /* UIKit.framework */ = {isa = PBXFileReference; lastKnownFileType = wrapper.framework; name = UIKit.framework; path = System/Library/Frameworks/UIKit.framework; sourceTree = SDKROOT; };
		4BBCA73014BCC1D4004B135E /* Foundation.framework */ = {isa = PBXFileReference; lastKnownFileType = wrapper.framework; name = Foundation.framework; path = System/Library/Frameworks/Foundation.framework; sourceTree = SDKROOT; };
		4BBCA73214BCC1D4004B135E /* CoreGraphics.framework */ = {isa = PBXFileReference; lastKnownFileType = wrapper.framework; name = CoreGraphics.framework; path = System/Library/Frameworks/CoreGraphics.framework; sourceTree = SDKROOT; };
		4BC2F00214E327E400E5AC76 /* LinkedInGetContacts.h */ = {isa = PBXFileReference; fileEncoding = 4; lastKnownFileType = sourcecode.c.h; path = LinkedInGetContacts.h; sourceTree = "<group>"; };
		4BC2F00314E327E400E5AC76 /* LinkedInGetContacts.m */ = {isa = PBXFileReference; fileEncoding = 4; lastKnownFileType = sourcecode.c.objc; path = LinkedInGetContacts.m; sourceTree = "<group>"; };
		4BC2F00514E3281300E5AC76 /* LinkedInCommandBaseImpl.h */ = {isa = PBXFileReference; fileEncoding = 4; lastKnownFileType = sourcecode.c.h; path = LinkedInCommandBaseImpl.h; sourceTree = "<group>"; };
		4BC2F00614E3281300E5AC76 /* LinkedInCommandBaseImpl.m */ = {isa = PBXFileReference; fileEncoding = 4; lastKnownFileType = sourcecode.c.objc; path = LinkedInCommandBaseImpl.m; sourceTree = "<group>"; };
		4BC2F00814E5291100E5AC76 /* LinkedInCreateNewContacts.h */ = {isa = PBXFileReference; fileEncoding = 4; lastKnownFileType = sourcecode.c.h; path = LinkedInCreateNewContacts.h; sourceTree = "<group>"; };
		4BC2F00914E5291100E5AC76 /* LinkedInCreateNewContacts.m */ = {isa = PBXFileReference; fileEncoding = 4; lastKnownFileType = sourcecode.c.objc; path = LinkedInCreateNewContacts.m; sourceTree = "<group>"; };
		4BC2F00B14E5360600E5AC76 /* LinkedInSearchContacts.h */ = {isa = PBXFileReference; fileEncoding = 4; lastKnownFileType = sourcecode.c.h; path = LinkedInSearchContacts.h; sourceTree = "<group>"; };
		4BC2F00C14E5360700E5AC76 /* LinkedInSearchContacts.m */ = {isa = PBXFileReference; fileEncoding = 4; lastKnownFileType = sourcecode.c.objc; path = LinkedInSearchContacts.m; sourceTree = "<group>"; };
		4BF2F2DD14EC538E00383CCE /* Account.h */ = {isa = PBXFileReference; fileEncoding = 4; lastKnownFileType = sourcecode.c.h; name = Account.h; path = Model/Account.h; sourceTree = "<group>"; };
		4BF2F2DE14EC538E00383CCE /* Account.m */ = {isa = PBXFileReference; fileEncoding = 4; lastKnownFileType = sourcecode.c.objc; name = Account.m; path = Model/Account.m; sourceTree = "<group>"; };
		4BF2F2E014EC53A600383CCE /* Friend.h */ = {isa = PBXFileReference; fileEncoding = 4; lastKnownFileType = sourcecode.c.h; name = Friend.h; path = Model/Friend.h; sourceTree = "<group>"; };
		4BF2F2E114EC53A600383CCE /* Friend.m */ = {isa = PBXFileReference; fileEncoding = 4; lastKnownFileType = sourcecode.c.objc; name = Friend.m; path = Model/Friend.m; sourceTree = "<group>"; };
		4BF2F2E314EC599E00383CCE /* DataStore.h */ = {isa = PBXFileReference; fileEncoding = 4; lastKnownFileType = sourcecode.c.h; name = DataStore.h; path = Model/DataStore.h; sourceTree = "<group>"; };
		4BF2F2E414EC599E00383CCE /* DataStore.m */ = {isa = PBXFileReference; fileEncoding = 4; lastKnownFileType = sourcecode.c.objc; name = DataStore.m; path = Model/DataStore.m; sourceTree = "<group>"; };
		6278EEDE14CF73D3006F3994 /* ContactBaseImpl.h */ = {isa = PBXFileReference; fileEncoding = 4; lastKnownFileType = sourcecode.c.h; path = ContactBaseImpl.h; sourceTree = "<group>"; };
		6278EEDF14CF73D3006F3994 /* ContactBaseImpl.m */ = {isa = PBXFileReference; fileEncoding = 4; lastKnownFileType = sourcecode.c.objc; path = ContactBaseImpl.m; sourceTree = "<group>"; };
		6278EEE014CF73D3006F3994 /* ContactGroupBaseImpl.h */ = {isa = PBXFileReference; fileEncoding = 4; lastKnownFileType = sourcecode.c.h; path = ContactGroupBaseImpl.h; sourceTree = "<group>"; };
		6278EEE114CF73D3006F3994 /* ContactGroupBaseImpl.m */ = {isa = PBXFileReference; fileEncoding = 4; lastKnownFileType = sourcecode.c.objc; path = ContactGroupBaseImpl.m; sourceTree = "<group>"; };
		6278EEE214CF73D3006F3994 /* ContactsProviderBaseImpl.h */ = {isa = PBXFileReference; fileEncoding = 4; lastKnownFileType = sourcecode.c.h; path = ContactsProviderBaseImpl.h; sourceTree = "<group>"; };
		6278EEE314CF73D3006F3994 /* ContactsProviderBaseImpl.m */ = {isa = PBXFileReference; fileEncoding = 4; lastKnownFileType = sourcecode.c.objc; path = ContactsProviderBaseImpl.m; sourceTree = "<group>"; };
		6278EEE714CF73EF006F3994 /* OAuthURLConnection.h */ = {isa = PBXFileReference; fileEncoding = 4; lastKnownFileType = sourcecode.c.h; path = OAuthURLConnection.h; sourceTree = "<group>"; };
		6278EEE814CF73EF006F3994 /* OAuthURLConnection.m */ = {isa = PBXFileReference; fileEncoding = 4; lastKnownFileType = sourcecode.c.objc; path = OAuthURLConnection.m; sourceTree = "<group>"; };
		6278EEEA14CF7428006F3994 /* TwitterCommandBaseImpl.h */ = {isa = PBXFileReference; fileEncoding = 4; lastKnownFileType = sourcecode.c.h; path = TwitterCommandBaseImpl.h; sourceTree = "<group>"; };
		6278EEEB14CF7428006F3994 /* TwitterCommandBaseImpl.m */ = {isa = PBXFileReference; fileEncoding = 4; lastKnownFileType = sourcecode.c.objc; path = TwitterCommandBaseImpl.m; sourceTree = "<group>"; };
		6278EEED14CF748D006F3994 /* BusyLocker.h */ = {isa = PBXFileReference; fileEncoding = 4; lastKnownFileType = sourcecode.c.h; path = BusyLocker.h; sourceTree = "<group>"; };
		6278EEEE14CF748D006F3994 /* BusyLocker.m */ = {isa = PBXFileReference; fileEncoding = 4; lastKnownFileType = sourcecode.c.objc; path = BusyLocker.m; sourceTree = "<group>"; };
		62DB587914C1D9850002B1DA /* Security.framework */ = {isa = PBXFileReference; lastKnownFileType = wrapper.framework; name = Security.framework; path = System/Library/Frameworks/Security.framework; sourceTree = SDKROOT; };
		62DB587B14C1D98E0002B1DA /* Twitter.framework */ = {isa = PBXFileReference; lastKnownFileType = wrapper.framework; name = Twitter.framework; path = System/Library/Frameworks/Twitter.framework; sourceTree = SDKROOT; };
		62DB587D14C1D99B0002B1DA /* Accounts.framework */ = {isa = PBXFileReference; lastKnownFileType = wrapper.framework; name = Accounts.framework; path = System/Library/Frameworks/Accounts.framework; sourceTree = SDKROOT; };
		62F0310414D4A3F600EA58DC /* TwitterContactGroup.h */ = {isa = PBXFileReference; fileEncoding = 4; lastKnownFileType = sourcecode.c.h; path = TwitterContactGroup.h; sourceTree = "<group>"; };
		62F0310514D4A3F600EA58DC /* TwitterContactGroup.m */ = {isa = PBXFileReference; fileEncoding = 4; lastKnownFileType = sourcecode.c.objc; path = TwitterContactGroup.m; sourceTree = "<group>"; };
		CB4B6A6E14C80FCB00803144 /* QuartzCore.framework */ = {isa = PBXFileReference; lastKnownFileType = wrapper.framework; name = QuartzCore.framework; path = System/Library/Frameworks/QuartzCore.framework; sourceTree = SDKROOT; };
		CB4B6A7014C80FD700803144 /* iAd.framework */ = {isa = PBXFileReference; lastKnownFileType = wrapper.framework; name = iAd.framework; path = System/Library/Frameworks/iAd.framework; sourceTree = SDKROOT; };
		CB4B6ADC14CB291400803144 /* AppDelegate.h */ = {isa = PBXFileReference; fileEncoding = 4; lastKnownFileType = sourcecode.c.h; path = AppDelegate.h; sourceTree = "<group>"; };
		CB4B6ADD14CB291400803144 /* AppDelegate.m */ = {isa = PBXFileReference; fileEncoding = 4; lastKnownFileType = sourcecode.c.objc; path = AppDelegate.m; sourceTree = "<group>"; };
		CB4B6ADE14CB291400803144 /* AppMenuViewController.h */ = {isa = PBXFileReference; fileEncoding = 4; lastKnownFileType = sourcecode.c.h; path = AppMenuViewController.h; sourceTree = "<group>"; };
		CB4B6ADF14CB291400803144 /* AppMenuViewController.m */ = {isa = PBXFileReference; fileEncoding = 4; lastKnownFileType = sourcecode.c.objc; path = AppMenuViewController.m; sourceTree = "<group>"; };
		CB4B6AE014CB291400803144 /* AppStackController.h */ = {isa = PBXFileReference; fileEncoding = 4; lastKnownFileType = sourcecode.c.h; path = AppStackController.h; sourceTree = "<group>"; };
		CB4B6AE114CB291400803144 /* AppStackController.m */ = {isa = PBXFileReference; fileEncoding = 4; lastKnownFileType = sourcecode.c.objc; path = AppStackController.m; sourceTree = "<group>"; };
		CB4B6AE614CB292E00803144 /* en */ = {isa = PBXFileReference; lastKnownFileType = file.xib; name = en; path = "en.lproj/MainWindow-iPad.xib"; sourceTree = "<group>"; };
		CB4B6AE814CB292E00803144 /* en */ = {isa = PBXFileReference; lastKnownFileType = file.xib; name = en; path = en.lproj/MainWindow.xib; sourceTree = "<group>"; };
		CB4B6AEB14CB2CAA00803144 /* FacebookAuthoriser.h */ = {isa = PBXFileReference; fileEncoding = 4; lastKnownFileType = sourcecode.c.h; path = FacebookAuthoriser.h; sourceTree = "<group>"; };
		CB4B6AEC14CB2CAB00803144 /* FacebookAuthoriser.m */ = {isa = PBXFileReference; fileEncoding = 4; lastKnownFileType = sourcecode.c.objc; path = FacebookAuthoriser.m; sourceTree = "<group>"; };
		CB4B6AED14CB2CAB00803144 /* FacebookConstants.h */ = {isa = PBXFileReference; fileEncoding = 4; lastKnownFileType = sourcecode.c.h; path = FacebookConstants.h; sourceTree = "<group>"; };
		CB4B6AEE14CB2CAB00803144 /* FacebookConstants.m */ = {isa = PBXFileReference; fileEncoding = 4; lastKnownFileType = sourcecode.c.objc; path = FacebookConstants.m; sourceTree = "<group>"; };
		CB4B6AEF14CB2CAB00803144 /* FacebookContact.h */ = {isa = PBXFileReference; fileEncoding = 4; lastKnownFileType = sourcecode.c.h; path = FacebookContact.h; sourceTree = "<group>"; };
		CB4B6AF014CB2CAB00803144 /* FacebookContact.m */ = {isa = PBXFileReference; fileEncoding = 4; lastKnownFileType = sourcecode.c.objc; path = FacebookContact.m; sourceTree = "<group>"; };
		CB4B6AF114CB2CAB00803144 /* FacebookContactGroup.h */ = {isa = PBXFileReference; fileEncoding = 4; lastKnownFileType = sourcecode.c.h; path = FacebookContactGroup.h; sourceTree = "<group>"; };
		CB4B6AF214CB2CAB00803144 /* FacebookContactGroup.m */ = {isa = PBXFileReference; fileEncoding = 4; lastKnownFileType = sourcecode.c.objc; path = FacebookContactGroup.m; sourceTree = "<group>"; };
		CB4B6AF314CB2CAB00803144 /* FacebookContactsProvider.h */ = {isa = PBXFileReference; fileEncoding = 4; lastKnownFileType = sourcecode.c.h; path = FacebookContactsProvider.h; sourceTree = "<group>"; };
		CB4B6AF414CB2CAB00803144 /* FacebookContactsProvider.m */ = {isa = PBXFileReference; fileEncoding = 4; lastKnownFileType = sourcecode.c.objc; path = FacebookContactsProvider.m; sourceTree = "<group>"; };
		CB4B6AF514CB2CAB00803144 /* FacebookGetContacts.h */ = {isa = PBXFileReference; fileEncoding = 4; lastKnownFileType = sourcecode.c.h; path = FacebookGetContacts.h; sourceTree = "<group>"; };
		CB4B6AF614CB2CAC00803144 /* FacebookGetContacts.m */ = {isa = PBXFileReference; fileEncoding = 4; lastKnownFileType = sourcecode.c.objc; path = FacebookGetContacts.m; sourceTree = "<group>"; };
		CB4B6AF714CB2CAC00803144 /* FacebookSearchContacts.h */ = {isa = PBXFileReference; fileEncoding = 4; lastKnownFileType = sourcecode.c.h; path = FacebookSearchContacts.h; sourceTree = "<group>"; };
		CB4B6AF814CB2CAC00803144 /* FacebookSearchContacts.m */ = {isa = PBXFileReference; fileEncoding = 4; lastKnownFileType = sourcecode.c.objc; path = FacebookSearchContacts.m; sourceTree = "<group>"; };
		CB4B6B0014CB2CE300803144 /* Contact.h */ = {isa = PBXFileReference; fileEncoding = 4; lastKnownFileType = sourcecode.c.h; path = Contact.h; sourceTree = "<group>"; };
		CB4B6B0114CB2CE300803144 /* ContactAttributes.h */ = {isa = PBXFileReference; fileEncoding = 4; lastKnownFileType = sourcecode.c.h; path = ContactAttributes.h; sourceTree = "<group>"; };
		CB4B6B0214CB2CE300803144 /* ContactAttributes.m */ = {isa = PBXFileReference; fileEncoding = 4; lastKnownFileType = sourcecode.c.objc; path = ContactAttributes.m; sourceTree = "<group>"; };
		CB4B6B0514CB2CE300803144 /* ContactGroup.h */ = {isa = PBXFileReference; fileEncoding = 4; lastKnownFileType = sourcecode.c.h; path = ContactGroup.h; sourceTree = "<group>"; };
		CB4B6B0814CB2CE300803144 /* ContactsProvider.h */ = {isa = PBXFileReference; fileEncoding = 4; lastKnownFileType = sourcecode.c.h; path = ContactsProvider.h; sourceTree = "<group>"; };
		CB4B6B0C14CB2D1800803144 /* MenuTableViewCell.h */ = {isa = PBXFileReference; fileEncoding = 4; lastKnownFileType = sourcecode.c.h; path = MenuTableViewCell.h; sourceTree = "<group>"; };
		CB4B6B0D14CB2D1800803144 /* MenuTableViewCell.m */ = {isa = PBXFileReference; fileEncoding = 4; lastKnownFileType = sourcecode.c.objc; path = MenuTableViewCell.m; sourceTree = "<group>"; };
		CB4B6B0E14CB2D1800803144 /* UIImage+OverlayColor.h */ = {isa = PBXFileReference; fileEncoding = 4; lastKnownFileType = sourcecode.c.h; path = "UIImage+OverlayColor.h"; sourceTree = "<group>"; };
		CB4B6B0F14CB2D1800803144 /* UIImage+OverlayColor.m */ = {isa = PBXFileReference; fileEncoding = 4; lastKnownFileType = sourcecode.c.objc; path = "UIImage+OverlayColor.m"; sourceTree = "<group>"; };
		CB4B6B1214CB2D4000803144 /* LinkedInConstants.h */ = {isa = PBXFileReference; fileEncoding = 4; lastKnownFileType = sourcecode.c.h; path = LinkedInConstants.h; sourceTree = "<group>"; };
		CB4B6B1314CB2D4000803144 /* LinkedInConstants.m */ = {isa = PBXFileReference; fileEncoding = 4; lastKnownFileType = sourcecode.c.objc; path = LinkedInConstants.m; sourceTree = "<group>"; };
		CB4B6B1414CB2D4000803144 /* LinkedInContact.h */ = {isa = PBXFileReference; fileEncoding = 4; lastKnownFileType = sourcecode.c.h; path = LinkedInContact.h; sourceTree = "<group>"; };
		CB4B6B1514CB2D4000803144 /* LinkedInContact.m */ = {isa = PBXFileReference; fileEncoding = 4; lastKnownFileType = sourcecode.c.objc; path = LinkedInContact.m; sourceTree = "<group>"; };
		CB4B6B1614CB2D4000803144 /* LinkedInContactGroup.h */ = {isa = PBXFileReference; fileEncoding = 4; lastKnownFileType = sourcecode.c.h; path = LinkedInContactGroup.h; sourceTree = "<group>"; };
		CB4B6B1714CB2D4000803144 /* LinkedInContactGroup.m */ = {isa = PBXFileReference; fileEncoding = 4; lastKnownFileType = sourcecode.c.objc; path = LinkedInContactGroup.m; sourceTree = "<group>"; };
		CB4B6B1814CB2D4000803144 /* LinkedInContactsProvider.h */ = {isa = PBXFileReference; fileEncoding = 4; lastKnownFileType = sourcecode.c.h; path = LinkedInContactsProvider.h; sourceTree = "<group>"; };
		CB4B6B1914CB2D4000803144 /* LinkedInContactsProvider.m */ = {isa = PBXFileReference; fileEncoding = 4; lastKnownFileType = sourcecode.c.objc; path = LinkedInContactsProvider.m; sourceTree = "<group>"; };
		CB4B6B3914CB2DB400803144 /* TwitterConstants.h */ = {isa = PBXFileReference; fileEncoding = 4; lastKnownFileType = sourcecode.c.h; path = TwitterConstants.h; sourceTree = "<group>"; };
		CB4B6B3A14CB2DB400803144 /* TwitterConstants.m */ = {isa = PBXFileReference; fileEncoding = 4; lastKnownFileType = sourcecode.c.objc; path = TwitterConstants.m; sourceTree = "<group>"; };
		CB4B6B3B14CB2DB400803144 /* TwitterContact.h */ = {isa = PBXFileReference; fileEncoding = 4; lastKnownFileType = sourcecode.c.h; path = TwitterContact.h; sourceTree = "<group>"; };
		CB4B6B3C14CB2DB400803144 /* TwitterContact.m */ = {isa = PBXFileReference; fileEncoding = 4; lastKnownFileType = sourcecode.c.objc; path = TwitterContact.m; sourceTree = "<group>"; };
		CB4B6B3D14CB2DB400803144 /* TwitterContactsProvider.h */ = {isa = PBXFileReference; fileEncoding = 4; lastKnownFileType = sourcecode.c.h; path = TwitterContactsProvider.h; sourceTree = "<group>"; };
		CB4B6B3E14CB2DB400803144 /* TwitterContactsProvider.m */ = {isa = PBXFileReference; fileEncoding = 4; lastKnownFileType = sourcecode.c.objc; path = TwitterContactsProvider.m; sourceTree = "<group>"; };
		CB4B6B3F14CB2DB400803144 /* TwitterCreateNewContacts.h */ = {isa = PBXFileReference; fileEncoding = 4; lastKnownFileType = sourcecode.c.h; path = TwitterCreateNewContacts.h; sourceTree = "<group>"; };
		CB4B6B4014CB2DB400803144 /* TwitterCreateNewContacts.m */ = {isa = PBXFileReference; fileEncoding = 4; lastKnownFileType = sourcecode.c.objc; path = TwitterCreateNewContacts.m; sourceTree = "<group>"; };
		CB4B6B4114CB2DB400803144 /* TwitterGetContacts.h */ = {isa = PBXFileReference; fileEncoding = 4; lastKnownFileType = sourcecode.c.h; path = TwitterGetContacts.h; sourceTree = "<group>"; };
		CB4B6B4214CB2DB400803144 /* TwitterGetContacts.m */ = {isa = PBXFileReference; fileEncoding = 4; lastKnownFileType = sourcecode.c.objc; path = TwitterGetContacts.m; sourceTree = "<group>"; };
		CB4B6B4714CB2DB400803144 /* TwitterSearchContacts.h */ = {isa = PBXFileReference; fileEncoding = 4; lastKnownFileType = sourcecode.c.h; path = TwitterSearchContacts.h; sourceTree = "<group>"; };
		CB4B6B4814CB2DB400803144 /* TwitterSearchContacts.m */ = {isa = PBXFileReference; fileEncoding = 4; lastKnownFileType = sourcecode.c.objc; path = TwitterSearchContacts.m; sourceTree = "<group>"; };
		CB4B6B4914CB2DB400803144 /* TwitterSendMessage.h */ = {isa = PBXFileReference; fileEncoding = 4; lastKnownFileType = sourcecode.c.h; path = TwitterSendMessage.h; sourceTree = "<group>"; };
		CB4B6B4A14CB2DB400803144 /* TwitterSendMessage.m */ = {isa = PBXFileReference; fileEncoding = 4; lastKnownFileType = sourcecode.c.objc; path = TwitterSendMessage.m; sourceTree = "<group>"; };
		CB4B6B5414CB2DD600803144 /* OAuthRequestor.h */ = {isa = PBXFileReference; fileEncoding = 4; lastKnownFileType = sourcecode.c.h; path = OAuthRequestor.h; sourceTree = "<group>"; };
		CB4B6B5514CB2DD600803144 /* OAuthRequestor.m */ = {isa = PBXFileReference; fileEncoding = 4; lastKnownFileType = sourcecode.c.objc; path = OAuthRequestor.m; sourceTree = "<group>"; };
		CB4B6B5714CB2DF100803144 /* Constants.h */ = {isa = PBXFileReference; fileEncoding = 4; lastKnownFileType = sourcecode.c.h; path = Constants.h; sourceTree = "<group>"; };
		CB4B6B5814CB2DF200803144 /* Constants.m */ = {isa = PBXFileReference; fileEncoding = 4; lastKnownFileType = sourcecode.c.objc; path = Constants.m; sourceTree = "<group>"; };
		CB4B6B5914CB2DF200803144 /* StayConnectedError.h */ = {isa = PBXFileReference; fileEncoding = 4; lastKnownFileType = sourcecode.c.h; path = StayConnectedError.h; sourceTree = "<group>"; };
		CB4B6B5A14CB2DF200803144 /* StayConnectedError.m */ = {isa = PBXFileReference; fileEncoding = 4; lastKnownFileType = sourcecode.c.objc; path = StayConnectedError.m; sourceTree = "<group>"; };
		CB4B6B5D14CB2E1800803144 /* background.png */ = {isa = PBXFileReference; lastKnownFileType = image.png; path = background.png; sourceTree = "<group>"; };
		CB4B6B5E14CB2E1800803144 /* NewGlow.png */ = {isa = PBXFileReference; lastKnownFileType = image.png; path = NewGlow.png; sourceTree = "<group>"; };
		CB4B6B5F14CB2E1800803144 /* NewGlow@2x.png */ = {isa = PBXFileReference; lastKnownFileType = image.png; path = "NewGlow@2x.png"; sourceTree = "<group>"; };
		CB4B6B6514CB2F3600803144 /* facebook-ios-sdk.xcodeproj */ = {isa = PBXFileReference; lastKnownFileType = "wrapper.pb-project"; path = "facebook-ios-sdk.xcodeproj"; sourceTree = "<group>"; };
		CB4B6B6814CB2F3600803144 /* Facebook.h */ = {isa = PBXFileReference; fileEncoding = 4; lastKnownFileType = sourcecode.c.h; path = Facebook.h; sourceTree = "<group>"; };
		CB4B6B6914CB2F3600803144 /* Facebook.m */ = {isa = PBXFileReference; fileEncoding = 4; lastKnownFileType = sourcecode.c.objc; path = Facebook.m; sourceTree = "<group>"; };
		CB4B6B6A14CB2F3600803144 /* facebook_ios_sdk_Prefix.pch */ = {isa = PBXFileReference; fileEncoding = 4; lastKnownFileType = sourcecode.c.h; path = facebook_ios_sdk_Prefix.pch; sourceTree = "<group>"; };
		CB4B6B6B14CB2F3600803144 /* FBConnect.h */ = {isa = PBXFileReference; fileEncoding = 4; lastKnownFileType = sourcecode.c.h; path = FBConnect.h; sourceTree = "<group>"; };
		CB4B6B6C14CB2F3600803144 /* FBDialog.bundle */ = {isa = PBXFileReference; lastKnownFileType = "wrapper.plug-in"; path = FBDialog.bundle; sourceTree = "<group>"; };
		CB4B6B6D14CB2F3600803144 /* FBDialog.h */ = {isa = PBXFileReference; fileEncoding = 4; lastKnownFileType = sourcecode.c.h; path = FBDialog.h; sourceTree = "<group>"; };
		CB4B6B6E14CB2F3600803144 /* FBDialog.m */ = {isa = PBXFileReference; fileEncoding = 4; lastKnownFileType = sourcecode.c.objc; path = FBDialog.m; sourceTree = "<group>"; };
		CB4B6B6F14CB2F3600803144 /* FBLoginDialog.h */ = {isa = PBXFileReference; fileEncoding = 4; lastKnownFileType = sourcecode.c.h; path = FBLoginDialog.h; sourceTree = "<group>"; };
		CB4B6B7014CB2F3600803144 /* FBLoginDialog.m */ = {isa = PBXFileReference; fileEncoding = 4; lastKnownFileType = sourcecode.c.objc; path = FBLoginDialog.m; sourceTree = "<group>"; };
		CB4B6B7114CB2F3600803144 /* FBRequest.h */ = {isa = PBXFileReference; fileEncoding = 4; lastKnownFileType = sourcecode.c.h; path = FBRequest.h; sourceTree = "<group>"; };
		CB4B6B7214CB2F3600803144 /* FBRequest.m */ = {isa = PBXFileReference; fileEncoding = 4; lastKnownFileType = sourcecode.c.objc; path = FBRequest.m; sourceTree = "<group>"; };
		CB4B6B7414CB2F3600803144 /* JSON.h */ = {isa = PBXFileReference; fileEncoding = 4; lastKnownFileType = sourcecode.c.h; path = JSON.h; sourceTree = "<group>"; };
		CB4B6B7514CB2F3600803144 /* NSObject+SBJSON.h */ = {isa = PBXFileReference; fileEncoding = 4; lastKnownFileType = sourcecode.c.h; path = "NSObject+SBJSON.h"; sourceTree = "<group>"; };
		CB4B6B7614CB2F3600803144 /* NSObject+SBJSON.m */ = {isa = PBXFileReference; fileEncoding = 4; lastKnownFileType = sourcecode.c.objc; path = "NSObject+SBJSON.m"; sourceTree = "<group>"; };
		CB4B6B7714CB2F3600803144 /* NSString+SBJSON.h */ = {isa = PBXFileReference; fileEncoding = 4; lastKnownFileType = sourcecode.c.h; path = "NSString+SBJSON.h"; sourceTree = "<group>"; };
		CB4B6B7814CB2F3600803144 /* NSString+SBJSON.m */ = {isa = PBXFileReference; fileEncoding = 4; lastKnownFileType = sourcecode.c.objc; path = "NSString+SBJSON.m"; sourceTree = "<group>"; };
		CB4B6B7914CB2F3600803144 /* SBJSON.h */ = {isa = PBXFileReference; fileEncoding = 4; lastKnownFileType = sourcecode.c.h; path = SBJSON.h; sourceTree = "<group>"; };
		CB4B6B7A14CB2F3600803144 /* SBJSON.m */ = {isa = PBXFileReference; fileEncoding = 4; lastKnownFileType = sourcecode.c.objc; path = SBJSON.m; sourceTree = "<group>"; };
		CB4B6B7B14CB2F3600803144 /* SBJsonBase.h */ = {isa = PBXFileReference; fileEncoding = 4; lastKnownFileType = sourcecode.c.h; path = SBJsonBase.h; sourceTree = "<group>"; };
		CB4B6B7C14CB2F3600803144 /* SBJsonBase.m */ = {isa = PBXFileReference; fileEncoding = 4; lastKnownFileType = sourcecode.c.objc; path = SBJsonBase.m; sourceTree = "<group>"; };
		CB4B6B7D14CB2F3600803144 /* SBJsonParser.h */ = {isa = PBXFileReference; fileEncoding = 4; lastKnownFileType = sourcecode.c.h; path = SBJsonParser.h; sourceTree = "<group>"; };
		CB4B6B7E14CB2F3600803144 /* SBJsonParser.m */ = {isa = PBXFileReference; fileEncoding = 4; lastKnownFileType = sourcecode.c.objc; path = SBJsonParser.m; sourceTree = "<group>"; };
		CB4B6B7F14CB2F3600803144 /* SBJsonWriter.h */ = {isa = PBXFileReference; fileEncoding = 4; lastKnownFileType = sourcecode.c.h; path = SBJsonWriter.h; sourceTree = "<group>"; };
		CB4B6B8014CB2F3600803144 /* SBJsonWriter.m */ = {isa = PBXFileReference; fileEncoding = 4; lastKnownFileType = sourcecode.c.objc; path = SBJsonWriter.m; sourceTree = "<group>"; };
		CB4B6B8314CB2F3600803144 /* NSMutableURLRequest+Parameters.h */ = {isa = PBXFileReference; fileEncoding = 4; lastKnownFileType = sourcecode.c.h; path = "NSMutableURLRequest+Parameters.h"; sourceTree = "<group>"; };
		CB4B6B8414CB2F3600803144 /* NSMutableURLRequest+Parameters.m */ = {isa = PBXFileReference; fileEncoding = 4; lastKnownFileType = sourcecode.c.objc; path = "NSMutableURLRequest+Parameters.m"; sourceTree = "<group>"; };
		CB4B6B8514CB2F3600803144 /* NSString+URLEncoding.h */ = {isa = PBXFileReference; fileEncoding = 4; lastKnownFileType = sourcecode.c.h; path = "NSString+URLEncoding.h"; sourceTree = "<group>"; };
		CB4B6B8614CB2F3600803144 /* NSString+URLEncoding.m */ = {isa = PBXFileReference; fileEncoding = 4; lastKnownFileType = sourcecode.c.objc; path = "NSString+URLEncoding.m"; sourceTree = "<group>"; };
		CB4B6B8714CB2F3600803144 /* NSURL+Base.h */ = {isa = PBXFileReference; fileEncoding = 4; lastKnownFileType = sourcecode.c.h; path = "NSURL+Base.h"; sourceTree = "<group>"; };
		CB4B6B8814CB2F3600803144 /* NSURL+Base.m */ = {isa = PBXFileReference; fileEncoding = 4; lastKnownFileType = sourcecode.c.objc; path = "NSURL+Base.m"; sourceTree = "<group>"; };
		CB4B6B8A14CB2F3600803144 /* Base64Transcoder.c */ = {isa = PBXFileReference; fileEncoding = 4; lastKnownFileType = sourcecode.c.c; path = Base64Transcoder.c; sourceTree = "<group>"; };
		CB4B6B8B14CB2F3600803144 /* Base64Transcoder.h */ = {isa = PBXFileReference; fileEncoding = 4; lastKnownFileType = sourcecode.c.h; path = Base64Transcoder.h; sourceTree = "<group>"; };
		CB4B6B8C14CB2F3600803144 /* hmac.c */ = {isa = PBXFileReference; fileEncoding = 4; lastKnownFileType = sourcecode.c.c; path = hmac.c; sourceTree = "<group>"; };
		CB4B6B8D14CB2F3600803144 /* hmac.h */ = {isa = PBXFileReference; fileEncoding = 4; lastKnownFileType = sourcecode.c.h; path = hmac.h; sourceTree = "<group>"; };
		CB4B6B8E14CB2F3600803144 /* sha1.c */ = {isa = PBXFileReference; fileEncoding = 4; lastKnownFileType = sourcecode.c.c; path = sha1.c; sourceTree = "<group>"; };
		CB4B6B8F14CB2F3600803144 /* sha1.h */ = {isa = PBXFileReference; fileEncoding = 4; lastKnownFileType = sourcecode.c.h; path = sha1.h; sourceTree = "<group>"; };
		CB4B6B9014CB2F3600803144 /* OAAttachment.h */ = {isa = PBXFileReference; fileEncoding = 4; lastKnownFileType = sourcecode.c.h; path = OAAttachment.h; sourceTree = "<group>"; };
		CB4B6B9114CB2F3600803144 /* OAAttachment.m */ = {isa = PBXFileReference; fileEncoding = 4; lastKnownFileType = sourcecode.c.objc; path = OAAttachment.m; sourceTree = "<group>"; };
		CB4B6B9214CB2F3600803144 /* OACall.h */ = {isa = PBXFileReference; fileEncoding = 4; lastKnownFileType = sourcecode.c.h; path = OACall.h; sourceTree = "<group>"; };
		CB4B6B9314CB2F3600803144 /* OACall.m */ = {isa = PBXFileReference; fileEncoding = 4; lastKnownFileType = sourcecode.c.objc; path = OACall.m; sourceTree = "<group>"; };
		CB4B6B9414CB2F3600803144 /* OAConsumer.h */ = {isa = PBXFileReference; fileEncoding = 4; lastKnownFileType = sourcecode.c.h; path = OAConsumer.h; sourceTree = "<group>"; };
		CB4B6B9514CB2F3600803144 /* OAConsumer.m */ = {isa = PBXFileReference; fileEncoding = 4; lastKnownFileType = sourcecode.c.objc; path = OAConsumer.m; sourceTree = "<group>"; };
		CB4B6B9614CB2F3600803144 /* OADataFetcher.h */ = {isa = PBXFileReference; fileEncoding = 4; lastKnownFileType = sourcecode.c.h; path = OADataFetcher.h; sourceTree = "<group>"; };
		CB4B6B9714CB2F3600803144 /* OADataFetcher.m */ = {isa = PBXFileReference; fileEncoding = 4; lastKnownFileType = sourcecode.c.objc; path = OADataFetcher.m; sourceTree = "<group>"; };
		CB4B6B9814CB2F3600803144 /* OAHMAC_SHA1SignatureProvider.h */ = {isa = PBXFileReference; fileEncoding = 4; lastKnownFileType = sourcecode.c.h; path = OAHMAC_SHA1SignatureProvider.h; sourceTree = "<group>"; };
		CB4B6B9914CB2F3600803144 /* OAHMAC_SHA1SignatureProvider.m */ = {isa = PBXFileReference; fileEncoding = 4; lastKnownFileType = sourcecode.c.objc; path = OAHMAC_SHA1SignatureProvider.m; sourceTree = "<group>"; };
		CB4B6B9A14CB2F3600803144 /* OAMutableURLRequest.h */ = {isa = PBXFileReference; fileEncoding = 4; lastKnownFileType = sourcecode.c.h; path = OAMutableURLRequest.h; sourceTree = "<group>"; };
		CB4B6B9B14CB2F3600803144 /* OAMutableURLRequest.m */ = {isa = PBXFileReference; fileEncoding = 4; lastKnownFileType = sourcecode.c.objc; path = OAMutableURLRequest.m; sourceTree = "<group>"; };
		CB4B6B9C14CB2F3600803144 /* OAPlaintextSignatureProvider.h */ = {isa = PBXFileReference; fileEncoding = 4; lastKnownFileType = sourcecode.c.h; path = OAPlaintextSignatureProvider.h; sourceTree = "<group>"; };
		CB4B6B9D14CB2F3600803144 /* OAPlaintextSignatureProvider.m */ = {isa = PBXFileReference; fileEncoding = 4; lastKnownFileType = sourcecode.c.objc; path = OAPlaintextSignatureProvider.m; sourceTree = "<group>"; };
		CB4B6B9E14CB2F3600803144 /* OAProblem.h */ = {isa = PBXFileReference; fileEncoding = 4; lastKnownFileType = sourcecode.c.h; path = OAProblem.h; sourceTree = "<group>"; };
		CB4B6B9F14CB2F3600803144 /* OAProblem.m */ = {isa = PBXFileReference; fileEncoding = 4; lastKnownFileType = sourcecode.c.objc; path = OAProblem.m; sourceTree = "<group>"; };
		CB4B6BA014CB2F3600803144 /* OARequestParameter.h */ = {isa = PBXFileReference; fileEncoding = 4; lastKnownFileType = sourcecode.c.h; path = OARequestParameter.h; sourceTree = "<group>"; };
		CB4B6BA114CB2F3600803144 /* OARequestParameter.m */ = {isa = PBXFileReference; fileEncoding = 4; lastKnownFileType = sourcecode.c.objc; path = OARequestParameter.m; sourceTree = "<group>"; };
		CB4B6BA214CB2F3600803144 /* OAServiceTicket.h */ = {isa = PBXFileReference; fileEncoding = 4; lastKnownFileType = sourcecode.c.h; path = OAServiceTicket.h; sourceTree = "<group>"; };
		CB4B6BA314CB2F3600803144 /* OAServiceTicket.m */ = {isa = PBXFileReference; fileEncoding = 4; lastKnownFileType = sourcecode.c.objc; path = OAServiceTicket.m; sourceTree = "<group>"; };
		CB4B6BA414CB2F3600803144 /* OASignatureProviding.h */ = {isa = PBXFileReference; fileEncoding = 4; lastKnownFileType = sourcecode.c.h; path = OASignatureProviding.h; sourceTree = "<group>"; };
		CB4B6BA514CB2F3600803144 /* OATestServer.rb */ = {isa = PBXFileReference; fileEncoding = 4; lastKnownFileType = text.script.ruby; path = OATestServer.rb; sourceTree = "<group>"; };
		CB4B6BA614CB2F3600803144 /* OAToken.h */ = {isa = PBXFileReference; fileEncoding = 4; lastKnownFileType = sourcecode.c.h; path = OAToken.h; sourceTree = "<group>"; };
		CB4B6BA714CB2F3600803144 /* OAToken.m */ = {isa = PBXFileReference; fileEncoding = 4; lastKnownFileType = sourcecode.c.objc; path = OAToken.m; sourceTree = "<group>"; };
		CB4B6BA814CB2F3600803144 /* OATokenManager.h */ = {isa = PBXFileReference; fileEncoding = 4; lastKnownFileType = sourcecode.c.h; path = OATokenManager.h; sourceTree = "<group>"; };
		CB4B6BA914CB2F3600803144 /* OATokenManager.m */ = {isa = PBXFileReference; fileEncoding = 4; lastKnownFileType = sourcecode.c.objc; path = OATokenManager.m; sourceTree = "<group>"; };
		CB4B6BAA14CB2F3600803144 /* OAuthConsumer.h */ = {isa = PBXFileReference; fileEncoding = 4; lastKnownFileType = sourcecode.c.h; path = OAuthConsumer.h; sourceTree = "<group>"; };
		CB4B6BAB14CB2F3600803144 /* README */ = {isa = PBXFileReference; fileEncoding = 4; lastKnownFileType = text; path = README; sourceTree = "<group>"; };
		CB4B6BAE14CB2F3600803144 /* PSStackedView.h */ = {isa = PBXFileReference; fileEncoding = 4; lastKnownFileType = sourcecode.c.h; path = PSStackedView.h; sourceTree = "<group>"; };
		CB4B6BAF14CB2F3600803144 /* PSStackedViewController.h */ = {isa = PBXFileReference; fileEncoding = 4; lastKnownFileType = sourcecode.c.h; path = PSStackedViewController.h; sourceTree = "<group>"; };
		CB4B6BB014CB2F3600803144 /* PSStackedViewController.m */ = {isa = PBXFileReference; fileEncoding = 4; lastKnownFileType = sourcecode.c.objc; path = PSStackedViewController.m; sourceTree = "<group>"; };
		CB4B6BB114CB2F3600803144 /* PSStackedViewDelegate.h */ = {isa = PBXFileReference; fileEncoding = 4; lastKnownFileType = sourcecode.c.h; path = PSStackedViewDelegate.h; sourceTree = "<group>"; };
		CB4B6BB214CB2F3600803144 /* PSStackedViewGlobal.h */ = {isa = PBXFileReference; fileEncoding = 4; lastKnownFileType = sourcecode.c.h; path = PSStackedViewGlobal.h; sourceTree = "<group>"; };
		CB4B6BB314CB2F3600803144 /* PSStackedViewGlobal.m */ = {isa = PBXFileReference; fileEncoding = 4; lastKnownFileType = sourcecode.c.objc; path = PSStackedViewGlobal.m; sourceTree = "<group>"; };
		CB4B6BB414CB2F3600803144 /* PSSVContainerView.h */ = {isa = PBXFileReference; fileEncoding = 4; lastKnownFileType = sourcecode.c.h; path = PSSVContainerView.h; sourceTree = "<group>"; };
		CB4B6BB514CB2F3600803144 /* PSSVContainerView.m */ = {isa = PBXFileReference; fileEncoding = 4; lastKnownFileType = sourcecode.c.objc; path = PSSVContainerView.m; sourceTree = "<group>"; };
		CB4B6BB614CB2F3600803144 /* UIView+PSSizes.h */ = {isa = PBXFileReference; fileEncoding = 4; lastKnownFileType = sourcecode.c.h; path = "UIView+PSSizes.h"; sourceTree = "<group>"; };
		CB4B6BB714CB2F3600803144 /* UIView+PSSizes.m */ = {isa = PBXFileReference; fileEncoding = 4; lastKnownFileType = sourcecode.c.objc; path = "UIView+PSSizes.m"; sourceTree = "<group>"; };
		CB4B6BB814CB2F3600803144 /* UIViewController+PSStackedView.h */ = {isa = PBXFileReference; fileEncoding = 4; lastKnownFileType = sourcecode.c.h; path = "UIViewController+PSStackedView.h"; sourceTree = "<group>"; };
		CB4B6BB914CB2F3600803144 /* UIViewController+PSStackedView.m */ = {isa = PBXFileReference; fileEncoding = 4; lastKnownFileType = sourcecode.c.objc; path = "UIViewController+PSStackedView.m"; sourceTree = "<group>"; };
		CB4B6C2914CC32E200803144 /* ConnectionController.h */ = {isa = PBXFileReference; fileEncoding = 4; lastKnownFileType = sourcecode.c.h; path = ConnectionController.h; sourceTree = "<group>"; };
		CB4B6C2A14CC32E200803144 /* ConnectionController.m */ = {isa = PBXFileReference; fileEncoding = 4; lastKnownFileType = sourcecode.c.objc; path = ConnectionController.m; sourceTree = "<group>"; };
		CB4B6C2B14CC32E200803144 /* WebViewController.h */ = {isa = PBXFileReference; fileEncoding = 4; lastKnownFileType = sourcecode.c.h; path = WebViewController.h; sourceTree = "<group>"; };
		CB4B6C2C14CC32E200803144 /* WebViewController.m */ = {isa = PBXFileReference; fileEncoding = 4; lastKnownFileType = sourcecode.c.objc; path = WebViewController.m; sourceTree = "<group>"; };
		CB4B6C2F14CC32F900803144 /* WebViewController.xib */ = {isa = PBXFileReference; fileEncoding = 4; lastKnownFileType = file.xib; path = WebViewController.xib; sourceTree = "<group>"; };
		CB4B6C3114CC336300803144 /* DismissDelegate.h */ = {isa = PBXFileReference; fileEncoding = 4; lastKnownFileType = sourcecode.c.h; path = DismissDelegate.h; sourceTree = "<group>"; };
		CB4B6C3214CC359000803144 /* ActivityLabel.h */ = {isa = PBXFileReference; fileEncoding = 4; lastKnownFileType = sourcecode.c.h; path = ActivityLabel.h; sourceTree = "<group>"; };
		CB4B6C3314CC359000803144 /* ActivityLabel.m */ = {isa = PBXFileReference; fileEncoding = 4; lastKnownFileType = sourcecode.c.objc; path = ActivityLabel.m; sourceTree = "<group>"; };
		CB4B6C3514CC3A0E00803144 /* StayConnectedMetrics.h */ = {isa = PBXFileReference; fileEncoding = 4; lastKnownFileType = sourcecode.c.h; path = StayConnectedMetrics.h; sourceTree = "<group>"; };
		CB4B6C3614CC3A0E00803144 /* StayConnectedMetrics.m */ = {isa = PBXFileReference; fileEncoding = 4; lastKnownFileType = sourcecode.c.objc; path = StayConnectedMetrics.m; sourceTree = "<group>"; };
/* End PBXFileReference section */

/* Begin PBXFrameworksBuildPhase section */
		4BBCA72714BCC1D4004B135E /* Frameworks */ = {
			isa = PBXFrameworksBuildPhase;
			buildActionMask = 2147483647;
			files = (
				4BB7B77914EC500E00D44BE7 /* CoreData.framework in Frameworks */,
				4BB7B76514EAB21400D44BE7 /* AddressBook.framework in Frameworks */,
				CB4B6A7114C80FD700803144 /* iAd.framework in Frameworks */,
				CB4B6A6F14C80FCB00803144 /* QuartzCore.framework in Frameworks */,
				62DB587E14C1D99B0002B1DA /* Accounts.framework in Frameworks */,
				62DB587C14C1D98E0002B1DA /* Twitter.framework in Frameworks */,
				62DB587A14C1D9850002B1DA /* Security.framework in Frameworks */,
				4BBCA72F14BCC1D4004B135E /* UIKit.framework in Frameworks */,
				4BBCA73114BCC1D4004B135E /* Foundation.framework in Frameworks */,
				4BBCA73314BCC1D4004B135E /* CoreGraphics.framework in Frameworks */,
			);
			runOnlyForDeploymentPostprocessing = 0;
		};
/* End PBXFrameworksBuildPhase section */

/* Begin PBXGroup section */
		4B71228114BCC26F00F2C5B6 /* StayConnected */ = {
			isa = PBXGroup;
			children = (
				CB4B6AE514CB292E00803144 /* MainWindow-iPad.xib */,
				CB4B6AE714CB292E00803144 /* MainWindow.xib */,
				CB4B6ADC14CB291400803144 /* AppDelegate.h */,
				CB4B6ADD14CB291400803144 /* AppDelegate.m */,
				CB4B6ADE14CB291400803144 /* AppMenuViewController.h */,
				CB4B6ADF14CB291400803144 /* AppMenuViewController.m */,
				CB4B6AE014CB291400803144 /* AppStackController.h */,
				CB4B6AE114CB291400803144 /* AppStackController.m */,
				4B7122C614BCC94900F2C5B6 /* Supporting Files */,
			);
			name = StayConnected;
			path = src/StayConnected;
			sourceTree = "<group>";
		};
		4B7122C614BCC94900F2C5B6 /* Supporting Files */ = {
			isa = PBXGroup;
			children = (
				4B71228214BCC26F00F2C5B6 /* InfoPlist.strings */,
				4B71228814BCC26F00F2C5B6 /* main.m */,
				4B71228914BCC26F00F2C5B6 /* StayConnected-Info.plist */,
				4B71228A14BCC26F00F2C5B6 /* StayConnected-Prefix.pch */,
			);
			name = "Supporting Files";
			sourceTree = "<group>";
		};
		4BB7B76814EC47DB00D44BE7 /* Model */ = {
			isa = PBXGroup;
			children = (
				4BB7B76914EC482200D44BE7 /* StayConnected.xcdatamodeld */,
				4BF2F2E014EC53A600383CCE /* Friend.h */,
				4BF2F2E114EC53A600383CCE /* Friend.m */,
				4BF2F2DD14EC538E00383CCE /* Account.h */,
				4BF2F2DE14EC538E00383CCE /* Account.m */,
				4BF2F2E314EC599E00383CCE /* DataStore.h */,
				4BF2F2E414EC599E00383CCE /* DataStore.m */,
			);
			name = Model;
			sourceTree = "<group>";
		};
		4BBCA71F14BCC1D4004B135E = {
			isa = PBXGroup;
			children = (
				62DB584914C1D7C90002B1DA /* 3rdparty */,
				4BBCA72D14BCC1D4004B135E /* Frameworks */,
				4BBCA72B14BCC1D4004B135E /* Products */,
				62DB57CC14C1D7BE0002B1DA /* src */,
				4B71228114BCC26F00F2C5B6 /* StayConnected */,
			);
			sourceTree = "<group>";
		};
		4BBCA72B14BCC1D4004B135E /* Products */ = {
			isa = PBXGroup;
			children = (
				4BBCA72A14BCC1D4004B135E /* StayConnected.app */,
			);
			name = Products;
			sourceTree = "<group>";
		};
		4BBCA72D14BCC1D4004B135E /* Frameworks */ = {
			isa = PBXGroup;
			children = (
				4BB7B77814EC500E00D44BE7 /* CoreData.framework */,
				4BB7B76414EAB21400D44BE7 /* AddressBook.framework */,
				CB4B6A7014C80FD700803144 /* iAd.framework */,
				CB4B6A6E14C80FCB00803144 /* QuartzCore.framework */,
				62DB587D14C1D99B0002B1DA /* Accounts.framework */,
				62DB587B14C1D98E0002B1DA /* Twitter.framework */,
				62DB587914C1D9850002B1DA /* Security.framework */,
				4BBCA72E14BCC1D4004B135E /* UIKit.framework */,
				4BBCA73014BCC1D4004B135E /* Foundation.framework */,
				4BBCA73214BCC1D4004B135E /* CoreGraphics.framework */,
			);
			name = Frameworks;
			sourceTree = "<group>";
		};
		6278EEDD14CF73D3006F3994 /* ContactsProviderBase */ = {
			isa = PBXGroup;
			children = (
				6278EEDE14CF73D3006F3994 /* ContactBaseImpl.h */,
				6278EEDF14CF73D3006F3994 /* ContactBaseImpl.m */,
				6278EEE014CF73D3006F3994 /* ContactGroupBaseImpl.h */,
				6278EEE114CF73D3006F3994 /* ContactGroupBaseImpl.m */,
				6278EEE214CF73D3006F3994 /* ContactsProviderBaseImpl.h */,
				6278EEE314CF73D3006F3994 /* ContactsProviderBaseImpl.m */,
			);
			path = ContactsProviderBase;
			sourceTree = "<group>";
		};
		62DB57CC14C1D7BE0002B1DA /* src */ = {
			isa = PBXGroup;
			children = (
				4BB7B76814EC47DB00D44BE7 /* Model */,
				62DB57CD14C1D7BE0002B1DA /* ContactsProvider */,
				6278EEDD14CF73D3006F3994 /* ContactsProviderBase */,
				CB4B6C2814CC32E100803144 /* Controller */,
				62DB57D714C1D7BE0002B1DA /* Facebook */,
				62DB57E614C1D7BE0002B1DA /* LinkedIn */,
				62DB57EF14C1D7BE0002B1DA /* OAuth */,
				CB4B6A8514C8109700803144 /* Resources */,
				62DB580B14C1D7BE0002B1DA /* Twitter */,
				62DB581E14C1D7BE0002B1DA /* Utilities */,
				CB4B6A7E14C8108600803144 /* View */,
			);
			path = src;
			sourceTree = "<group>";
		};
		62DB57CD14C1D7BE0002B1DA /* ContactsProvider */ = {
			isa = PBXGroup;
			children = (
				CB4B6B0014CB2CE300803144 /* Contact.h */,
				CB4B6B0114CB2CE300803144 /* ContactAttributes.h */,
				CB4B6B0214CB2CE300803144 /* ContactAttributes.m */,
				CB4B6B0514CB2CE300803144 /* ContactGroup.h */,
				CB4B6B0814CB2CE300803144 /* ContactsProvider.h */,
			);
			path = ContactsProvider;
			sourceTree = "<group>";
		};
		62DB57D714C1D7BE0002B1DA /* Facebook */ = {
			isa = PBXGroup;
			children = (
				CB4B6AEB14CB2CAA00803144 /* FacebookAuthoriser.h */,
				CB4B6AEC14CB2CAB00803144 /* FacebookAuthoriser.m */,
				CB4B6AED14CB2CAB00803144 /* FacebookConstants.h */,
				CB4B6AEE14CB2CAB00803144 /* FacebookConstants.m */,
				CB4B6AEF14CB2CAB00803144 /* FacebookContact.h */,
				CB4B6AF014CB2CAB00803144 /* FacebookContact.m */,
				CB4B6AF114CB2CAB00803144 /* FacebookContactGroup.h */,
				CB4B6AF214CB2CAB00803144 /* FacebookContactGroup.m */,
				CB4B6AF314CB2CAB00803144 /* FacebookContactsProvider.h */,
				CB4B6AF414CB2CAB00803144 /* FacebookContactsProvider.m */,
				CB4B6AF514CB2CAB00803144 /* FacebookGetContacts.h */,
				CB4B6AF614CB2CAC00803144 /* FacebookGetContacts.m */,
				CB4B6AF714CB2CAC00803144 /* FacebookSearchContacts.h */,
				CB4B6AF814CB2CAC00803144 /* FacebookSearchContacts.m */,
			);
			path = Facebook;
			sourceTree = "<group>";
		};
		62DB57E614C1D7BE0002B1DA /* LinkedIn */ = {
			isa = PBXGroup;
			children = (
				CB4B6B1214CB2D4000803144 /* LinkedInConstants.h */,
				CB4B6B1314CB2D4000803144 /* LinkedInConstants.m */,
				CB4B6B1414CB2D4000803144 /* LinkedInContact.h */,
				CB4B6B1514CB2D4000803144 /* LinkedInContact.m */,
				CB4B6B1614CB2D4000803144 /* LinkedInContactGroup.h */,
				CB4B6B1714CB2D4000803144 /* LinkedInContactGroup.m */,
				CB4B6B1814CB2D4000803144 /* LinkedInContactsProvider.h */,
				CB4B6B1914CB2D4000803144 /* LinkedInContactsProvider.m */,
				4BC2F00214E327E400E5AC76 /* LinkedInGetContacts.h */,
				4BC2F00314E327E400E5AC76 /* LinkedInGetContacts.m */,
				4BC2F00514E3281300E5AC76 /* LinkedInCommandBaseImpl.h */,
				4BC2F00614E3281300E5AC76 /* LinkedInCommandBaseImpl.m */,
				4BC2F00814E5291100E5AC76 /* LinkedInCreateNewContacts.h */,
				4BC2F00914E5291100E5AC76 /* LinkedInCreateNewContacts.m */,
				4BC2F00B14E5360600E5AC76 /* LinkedInSearchContacts.h */,
				4BC2F00C14E5360700E5AC76 /* LinkedInSearchContacts.m */,
				4B98186F14E53E3100EC5805 /* LinkedInSendMessage.h */,
				4B98187014E53E3100EC5805 /* LinkedInSendMessage.m */,
			);
			path = LinkedIn;
			sourceTree = "<group>";
		};
		62DB57EF14C1D7BE0002B1DA /* OAuth */ = {
			isa = PBXGroup;
			children = (
				CB4B6B5414CB2DD600803144 /* OAuthRequestor.h */,
				CB4B6B5514CB2DD600803144 /* OAuthRequestor.m */,
				6278EEE714CF73EF006F3994 /* OAuthURLConnection.h */,
				6278EEE814CF73EF006F3994 /* OAuthURLConnection.m */,
			);
			path = OAuth;
			sourceTree = "<group>";
		};
		62DB580B14C1D7BE0002B1DA /* Twitter */ = {
			isa = PBXGroup;
			children = (
				6278EEEA14CF7428006F3994 /* TwitterCommandBaseImpl.h */,
				6278EEEB14CF7428006F3994 /* TwitterCommandBaseImpl.m */,
				CB4B6B3914CB2DB400803144 /* TwitterConstants.h */,
				CB4B6B3A14CB2DB400803144 /* TwitterConstants.m */,
				CB4B6B3B14CB2DB400803144 /* TwitterContact.h */,
				CB4B6B3C14CB2DB400803144 /* TwitterContact.m */,
				CB4B6B3D14CB2DB400803144 /* TwitterContactsProvider.h */,
				CB4B6B3E14CB2DB400803144 /* TwitterContactsProvider.m */,
				CB4B6B3F14CB2DB400803144 /* TwitterCreateNewContacts.h */,
				CB4B6B4014CB2DB400803144 /* TwitterCreateNewContacts.m */,
				CB4B6B4114CB2DB400803144 /* TwitterGetContacts.h */,
				CB4B6B4214CB2DB400803144 /* TwitterGetContacts.m */,
				CB4B6B4714CB2DB400803144 /* TwitterSearchContacts.h */,
				CB4B6B4814CB2DB400803144 /* TwitterSearchContacts.m */,
				CB4B6B4914CB2DB400803144 /* TwitterSendMessage.h */,
				CB4B6B4A14CB2DB400803144 /* TwitterSendMessage.m */,
				62F0310414D4A3F600EA58DC /* TwitterContactGroup.h */,
				62F0310514D4A3F600EA58DC /* TwitterContactGroup.m */,
			);
			path = Twitter;
			sourceTree = "<group>";
		};
		62DB581E14C1D7BE0002B1DA /* Utilities */ = {
			isa = PBXGroup;
			children = (
				6278EEED14CF748D006F3994 /* BusyLocker.h */,
				6278EEEE14CF748D006F3994 /* BusyLocker.m */,
				CB4B6B5714CB2DF100803144 /* Constants.h */,
				CB4B6B5814CB2DF200803144 /* Constants.m */,
				CB4B6C3114CC336300803144 /* DismissDelegate.h */,
				CB4B6B5914CB2DF200803144 /* StayConnectedError.h */,
				CB4B6B5A14CB2DF200803144 /* StayConnectedError.m */,
				CB4B6C3514CC3A0E00803144 /* StayConnectedMetrics.h */,
				CB4B6C3614CC3A0E00803144 /* StayConnectedMetrics.m */,
			);
			path = Utilities;
			sourceTree = "<group>";
		};
		62DB584914C1D7C90002B1DA /* 3rdparty */ = {
			isa = PBXGroup;
			children = (
				CB4B6B6314CB2F3600803144 /* facebook */,
				CB4B6B8114CB2F3600803144 /* OAuthConsumer */,
				CB4B6BAC14CB2F3600803144 /* PSStackedView */,
			);
			path = 3rdparty;
			sourceTree = "<group>";
		};
		CB4B6A7E14C8108600803144 /* View */ = {
			isa = PBXGroup;
			children = (
				CB4B6C3214CC359000803144 /* ActivityLabel.h */,
				CB4B6C3314CC359000803144 /* ActivityLabel.m */,
				CB4B6B0C14CB2D1800803144 /* MenuTableViewCell.h */,
				CB4B6B0D14CB2D1800803144 /* MenuTableViewCell.m */,
				CB4B6B0E14CB2D1800803144 /* UIImage+OverlayColor.h */,
				CB4B6B0F14CB2D1800803144 /* UIImage+OverlayColor.m */,
			);
			path = View;
			sourceTree = "<group>";
		};
		CB4B6A8514C8109700803144 /* Resources */ = {
			isa = PBXGroup;
			children = (
				CB4B6C2F14CC32F900803144 /* WebViewController.xib */,
				CB4B6A8614C8109700803144 /* Images */,
			);
			path = Resources;
			sourceTree = "<group>";
		};
		CB4B6A8614C8109700803144 /* Images */ = {
			isa = PBXGroup;
			children = (
				CB4B6B5D14CB2E1800803144 /* background.png */,
				CB4B6B5E14CB2E1800803144 /* NewGlow.png */,
				CB4B6B5F14CB2E1800803144 /* NewGlow@2x.png */,
			);
			path = Images;
			sourceTree = "<group>";
		};
		CB4B6B6314CB2F3600803144 /* facebook */ = {
			isa = PBXGroup;
			children = (
				CB4B6B6414CB2F3600803144 /* src */,
			);
			path = facebook;
			sourceTree = "<group>";
		};
		CB4B6B6414CB2F3600803144 /* src */ = {
			isa = PBXGroup;
			children = (
				CB4B6B6514CB2F3600803144 /* facebook-ios-sdk.xcodeproj */,
				CB4B6B6814CB2F3600803144 /* Facebook.h */,
				CB4B6B6914CB2F3600803144 /* Facebook.m */,
				CB4B6B6A14CB2F3600803144 /* facebook_ios_sdk_Prefix.pch */,
				CB4B6B6B14CB2F3600803144 /* FBConnect.h */,
				CB4B6B6C14CB2F3600803144 /* FBDialog.bundle */,
				CB4B6B6D14CB2F3600803144 /* FBDialog.h */,
				CB4B6B6E14CB2F3600803144 /* FBDialog.m */,
				CB4B6B6F14CB2F3600803144 /* FBLoginDialog.h */,
				CB4B6B7014CB2F3600803144 /* FBLoginDialog.m */,
				CB4B6B7114CB2F3600803144 /* FBRequest.h */,
				CB4B6B7214CB2F3600803144 /* FBRequest.m */,
				CB4B6B7314CB2F3600803144 /* JSON */,
			);
			path = src;
			sourceTree = "<group>";
		};
		CB4B6B6614CB2F3600803144 /* Products */ = {
			isa = PBXGroup;
			children = (
				CB4B6BE314CB2F3700803144 /* libfacebook_ios_sdk.a */,
			);
			name = Products;
			sourceTree = "<group>";
		};
		CB4B6B7314CB2F3600803144 /* JSON */ = {
			isa = PBXGroup;
			children = (
				CB4B6B7414CB2F3600803144 /* JSON.h */,
				CB4B6B7514CB2F3600803144 /* NSObject+SBJSON.h */,
				CB4B6B7614CB2F3600803144 /* NSObject+SBJSON.m */,
				CB4B6B7714CB2F3600803144 /* NSString+SBJSON.h */,
				CB4B6B7814CB2F3600803144 /* NSString+SBJSON.m */,
				CB4B6B7914CB2F3600803144 /* SBJSON.h */,
				CB4B6B7A14CB2F3600803144 /* SBJSON.m */,
				CB4B6B7B14CB2F3600803144 /* SBJsonBase.h */,
				CB4B6B7C14CB2F3600803144 /* SBJsonBase.m */,
				CB4B6B7D14CB2F3600803144 /* SBJsonParser.h */,
				CB4B6B7E14CB2F3600803144 /* SBJsonParser.m */,
				CB4B6B7F14CB2F3600803144 /* SBJsonWriter.h */,
				CB4B6B8014CB2F3600803144 /* SBJsonWriter.m */,
			);
			path = JSON;
			sourceTree = "<group>";
		};
		CB4B6B8114CB2F3600803144 /* OAuthConsumer */ = {
			isa = PBXGroup;
			children = (
				CB4B6B8214CB2F3600803144 /* Categories */,
				CB4B6B8914CB2F3600803144 /* Crypto */,
				CB4B6B9014CB2F3600803144 /* OAAttachment.h */,
				CB4B6B9114CB2F3600803144 /* OAAttachment.m */,
				CB4B6B9214CB2F3600803144 /* OACall.h */,
				CB4B6B9314CB2F3600803144 /* OACall.m */,
				CB4B6B9414CB2F3600803144 /* OAConsumer.h */,
				CB4B6B9514CB2F3600803144 /* OAConsumer.m */,
				CB4B6B9614CB2F3600803144 /* OADataFetcher.h */,
				CB4B6B9714CB2F3600803144 /* OADataFetcher.m */,
				CB4B6B9814CB2F3600803144 /* OAHMAC_SHA1SignatureProvider.h */,
				CB4B6B9914CB2F3600803144 /* OAHMAC_SHA1SignatureProvider.m */,
				CB4B6B9A14CB2F3600803144 /* OAMutableURLRequest.h */,
				CB4B6B9B14CB2F3600803144 /* OAMutableURLRequest.m */,
				CB4B6B9C14CB2F3600803144 /* OAPlaintextSignatureProvider.h */,
				CB4B6B9D14CB2F3600803144 /* OAPlaintextSignatureProvider.m */,
				CB4B6B9E14CB2F3600803144 /* OAProblem.h */,
				CB4B6B9F14CB2F3600803144 /* OAProblem.m */,
				CB4B6BA014CB2F3600803144 /* OARequestParameter.h */,
				CB4B6BA114CB2F3600803144 /* OARequestParameter.m */,
				CB4B6BA214CB2F3600803144 /* OAServiceTicket.h */,
				CB4B6BA314CB2F3600803144 /* OAServiceTicket.m */,
				CB4B6BA414CB2F3600803144 /* OASignatureProviding.h */,
				CB4B6BA514CB2F3600803144 /* OATestServer.rb */,
				CB4B6BA614CB2F3600803144 /* OAToken.h */,
				CB4B6BA714CB2F3600803144 /* OAToken.m */,
				CB4B6BA814CB2F3600803144 /* OATokenManager.h */,
				CB4B6BA914CB2F3600803144 /* OATokenManager.m */,
				CB4B6BAA14CB2F3600803144 /* OAuthConsumer.h */,
				CB4B6BAB14CB2F3600803144 /* README */,
			);
			path = OAuthConsumer;
			sourceTree = "<group>";
		};
		CB4B6B8214CB2F3600803144 /* Categories */ = {
			isa = PBXGroup;
			children = (
				CB4B6B8314CB2F3600803144 /* NSMutableURLRequest+Parameters.h */,
				CB4B6B8414CB2F3600803144 /* NSMutableURLRequest+Parameters.m */,
				CB4B6B8514CB2F3600803144 /* NSString+URLEncoding.h */,
				CB4B6B8614CB2F3600803144 /* NSString+URLEncoding.m */,
				CB4B6B8714CB2F3600803144 /* NSURL+Base.h */,
				CB4B6B8814CB2F3600803144 /* NSURL+Base.m */,
			);
			path = Categories;
			sourceTree = "<group>";
		};
		CB4B6B8914CB2F3600803144 /* Crypto */ = {
			isa = PBXGroup;
			children = (
				CB4B6B8A14CB2F3600803144 /* Base64Transcoder.c */,
				CB4B6B8B14CB2F3600803144 /* Base64Transcoder.h */,
				CB4B6B8C14CB2F3600803144 /* hmac.c */,
				CB4B6B8D14CB2F3600803144 /* hmac.h */,
				CB4B6B8E14CB2F3600803144 /* sha1.c */,
				CB4B6B8F14CB2F3600803144 /* sha1.h */,
			);
			path = Crypto;
			sourceTree = "<group>";
		};
		CB4B6BAC14CB2F3600803144 /* PSStackedView */ = {
			isa = PBXGroup;
			children = (
				CB4B6BAD14CB2F3600803144 /* src */,
			);
			path = PSStackedView;
			sourceTree = "<group>";
		};
		CB4B6BAD14CB2F3600803144 /* src */ = {
			isa = PBXGroup;
			children = (
				CB4B6BAE14CB2F3600803144 /* PSStackedView.h */,
				CB4B6BAF14CB2F3600803144 /* PSStackedViewController.h */,
				CB4B6BB014CB2F3600803144 /* PSStackedViewController.m */,
				CB4B6BB114CB2F3600803144 /* PSStackedViewDelegate.h */,
				CB4B6BB214CB2F3600803144 /* PSStackedViewGlobal.h */,
				CB4B6BB314CB2F3600803144 /* PSStackedViewGlobal.m */,
				CB4B6BB414CB2F3600803144 /* PSSVContainerView.h */,
				CB4B6BB514CB2F3600803144 /* PSSVContainerView.m */,
				CB4B6BB614CB2F3600803144 /* UIView+PSSizes.h */,
				CB4B6BB714CB2F3600803144 /* UIView+PSSizes.m */,
				CB4B6BB814CB2F3600803144 /* UIViewController+PSStackedView.h */,
				CB4B6BB914CB2F3600803144 /* UIViewController+PSStackedView.m */,
			);
			path = src;
			sourceTree = "<group>";
		};
		CB4B6C2814CC32E100803144 /* Controller */ = {
			isa = PBXGroup;
			children = (
				CB4B6C2914CC32E200803144 /* ConnectionController.h */,
				CB4B6C2A14CC32E200803144 /* ConnectionController.m */,
				CB4B6C2B14CC32E200803144 /* WebViewController.h */,
				CB4B6C2C14CC32E200803144 /* WebViewController.m */,
				4BB7B74F14E9B09B00D44BE7 /* SettingsController.h */,
				4BB7B75014E9B09B00D44BE7 /* SettingsController.m */,
				4BB7B75E14EA8B7D00D44BE7 /* ProviderContactsController.h */,
				4BB7B75F14EA8B7D00D44BE7 /* ProviderContactsController.m */,
				4BB7B76114EAAE1000D44BE7 /* LocalContactsController.h */,
				4BB7B76214EAAE1000D44BE7 /* LocalContactsController.m */,
			);
			path = Controller;
			sourceTree = "<group>";
		};
/* End PBXGroup section */

/* Begin PBXNativeTarget section */
		4BBCA72914BCC1D4004B135E /* StayConnected */ = {
			isa = PBXNativeTarget;
			buildConfigurationList = 4BBCA74B14BCC1D5004B135E /* Build configuration list for PBXNativeTarget "StayConnected" */;
			buildPhases = (
				4BBCA72614BCC1D4004B135E /* Sources */,
				4BBCA72714BCC1D4004B135E /* Frameworks */,
				4BBCA72814BCC1D4004B135E /* Resources */,
			);
			buildRules = (
			);
			dependencies = (
			);
			name = StayConnected;
			productName = StayConnected;
			productReference = 4BBCA72A14BCC1D4004B135E /* StayConnected.app */;
			productType = "com.apple.product-type.application";
		};
/* End PBXNativeTarget section */

/* Begin PBXProject section */
		4BBCA72114BCC1D4004B135E /* Project object */ = {
			isa = PBXProject;
			attributes = {
				LastUpgradeCheck = 0420;
			};
			buildConfigurationList = 4BBCA72414BCC1D4004B135E /* Build configuration list for PBXProject "StayConnected" */;
			compatibilityVersion = "Xcode 3.2";
			developmentRegion = English;
			hasScannedForEncodings = 0;
			knownRegions = (
				en,
			);
			mainGroup = 4BBCA71F14BCC1D4004B135E;
			productRefGroup = 4BBCA72B14BCC1D4004B135E /* Products */;
			projectDirPath = "";
			projectReferences = (
				{
					ProductGroup = CB4B6B6614CB2F3600803144 /* Products */;
					ProjectRef = CB4B6B6514CB2F3600803144 /* facebook-ios-sdk.xcodeproj */;
				},
			);
			projectRoot = "";
			targets = (
				4BBCA72914BCC1D4004B135E /* StayConnected */,
			);
		};
/* End PBXProject section */

/* Begin PBXReferenceProxy section */
		CB4B6BE314CB2F3700803144 /* libfacebook_ios_sdk.a */ = {
			isa = PBXReferenceProxy;
			fileType = archive.ar;
			path = libfacebook_ios_sdk.a;
			remoteRef = CB4B6BE214CB2F3700803144 /* PBXContainerItemProxy */;
			sourceTree = BUILT_PRODUCTS_DIR;
		};
/* End PBXReferenceProxy section */

/* Begin PBXResourcesBuildPhase section */
		4BBCA72814BCC1D4004B135E /* Resources */ = {
			isa = PBXResourcesBuildPhase;
			buildActionMask = 2147483647;
			files = (
				4B71228F14BCC26F00F2C5B6 /* InfoPlist.strings in Resources */,
				CB4B6AE914CB292E00803144 /* MainWindow-iPad.xib in Resources */,
				CB4B6AEA14CB292E00803144 /* MainWindow.xib in Resources */,
				CB4B6B6014CB2E1800803144 /* background.png in Resources */,
				CB4B6B6114CB2E1800803144 /* NewGlow.png in Resources */,
				CB4B6B6214CB2E1800803144 /* NewGlow@2x.png in Resources */,
				CB4B6BBE14CB2F3600803144 /* FBDialog.bundle in Resources */,
				CB4B6BD814CB2F3600803144 /* OATestServer.rb in Resources */,
				CB4B6BDB14CB2F3600803144 /* README in Resources */,
				CB4B6C3014CC32F900803144 /* WebViewController.xib in Resources */,
			);
			runOnlyForDeploymentPostprocessing = 0;
		};
/* End PBXResourcesBuildPhase section */

/* Begin PBXSourcesBuildPhase section */
		4BBCA72614BCC1D4004B135E /* Sources */ = {
			isa = PBXSourcesBuildPhase;
			buildActionMask = 2147483647;
			files = (
				4B71229214BCC26F00F2C5B6 /* main.m in Sources */,
				CB4B6AE214CB291400803144 /* AppDelegate.m in Sources */,
				CB4B6AE314CB291400803144 /* AppMenuViewController.m in Sources */,
				CB4B6AE414CB291400803144 /* AppStackController.m in Sources */,
				CB4B6AF914CB2CAC00803144 /* FacebookAuthoriser.m in Sources */,
				CB4B6AFA14CB2CAC00803144 /* FacebookConstants.m in Sources */,
				CB4B6AFB14CB2CAC00803144 /* FacebookContact.m in Sources */,
				CB4B6AFC14CB2CAC00803144 /* FacebookContactGroup.m in Sources */,
				CB4B6AFD14CB2CAC00803144 /* FacebookContactsProvider.m in Sources */,
				CB4B6AFE14CB2CAC00803144 /* FacebookGetContacts.m in Sources */,
				CB4B6AFF14CB2CAC00803144 /* FacebookSearchContacts.m in Sources */,
				CB4B6B0914CB2CE300803144 /* ContactAttributes.m in Sources */,
				CB4B6B1014CB2D1800803144 /* MenuTableViewCell.m in Sources */,
				CB4B6B1114CB2D1800803144 /* UIImage+OverlayColor.m in Sources */,
				CB4B6B1A14CB2D4000803144 /* LinkedInConstants.m in Sources */,
				CB4B6B1B14CB2D4000803144 /* LinkedInContact.m in Sources */,
				CB4B6B1C14CB2D4000803144 /* LinkedInContactGroup.m in Sources */,
				CB4B6B1D14CB2D4000803144 /* LinkedInContactsProvider.m in Sources */,
				CB4B6B4B14CB2DB400803144 /* TwitterConstants.m in Sources */,
				CB4B6B4C14CB2DB400803144 /* TwitterContact.m in Sources */,
				CB4B6B4D14CB2DB400803144 /* TwitterContactsProvider.m in Sources */,
				CB4B6B4E14CB2DB400803144 /* TwitterCreateNewContacts.m in Sources */,
				CB4B6B4F14CB2DB400803144 /* TwitterGetContacts.m in Sources */,
				CB4B6B5214CB2DB400803144 /* TwitterSearchContacts.m in Sources */,
				CB4B6B5314CB2DB400803144 /* TwitterSendMessage.m in Sources */,
				CB4B6B5614CB2DD600803144 /* OAuthRequestor.m in Sources */,
				CB4B6B5B14CB2DF200803144 /* Constants.m in Sources */,
				CB4B6B5C14CB2DF200803144 /* StayConnectedError.m in Sources */,
				CB4B6BBD14CB2F3600803144 /* Facebook.m in Sources */,
				CB4B6BBF14CB2F3600803144 /* FBDialog.m in Sources */,
				CB4B6BC014CB2F3600803144 /* FBLoginDialog.m in Sources */,
				CB4B6BC114CB2F3600803144 /* FBRequest.m in Sources */,
				CB4B6BC214CB2F3600803144 /* NSObject+SBJSON.m in Sources */,
				CB4B6BC314CB2F3600803144 /* NSString+SBJSON.m in Sources */,
				CB4B6BC414CB2F3600803144 /* SBJSON.m in Sources */,
				CB4B6BC514CB2F3600803144 /* SBJsonBase.m in Sources */,
				CB4B6BC614CB2F3600803144 /* SBJsonParser.m in Sources */,
				CB4B6BC714CB2F3600803144 /* SBJsonWriter.m in Sources */,
				CB4B6BC814CB2F3600803144 /* NSMutableURLRequest+Parameters.m in Sources */,
				CB4B6BC914CB2F3600803144 /* NSString+URLEncoding.m in Sources */,
				CB4B6BCA14CB2F3600803144 /* NSURL+Base.m in Sources */,
				CB4B6BCB14CB2F3600803144 /* Base64Transcoder.c in Sources */,
				CB4B6BCC14CB2F3600803144 /* hmac.c in Sources */,
				CB4B6BCD14CB2F3600803144 /* sha1.c in Sources */,
				CB4B6BCE14CB2F3600803144 /* OAAttachment.m in Sources */,
				CB4B6BCF14CB2F3600803144 /* OACall.m in Sources */,
				CB4B6BD014CB2F3600803144 /* OAConsumer.m in Sources */,
				CB4B6BD114CB2F3600803144 /* OADataFetcher.m in Sources */,
				CB4B6BD214CB2F3600803144 /* OAHMAC_SHA1SignatureProvider.m in Sources */,
				CB4B6BD314CB2F3600803144 /* OAMutableURLRequest.m in Sources */,
				CB4B6BD414CB2F3600803144 /* OAPlaintextSignatureProvider.m in Sources */,
				CB4B6BD514CB2F3600803144 /* OAProblem.m in Sources */,
				CB4B6BD614CB2F3600803144 /* OARequestParameter.m in Sources */,
				CB4B6BD714CB2F3600803144 /* OAServiceTicket.m in Sources */,
				CB4B6BD914CB2F3600803144 /* OAToken.m in Sources */,
				CB4B6BDA14CB2F3600803144 /* OATokenManager.m in Sources */,
				CB4B6BDC14CB2F3600803144 /* PSStackedViewController.m in Sources */,
				CB4B6BDD14CB2F3600803144 /* PSStackedViewGlobal.m in Sources */,
				CB4B6BDE14CB2F3600803144 /* PSSVContainerView.m in Sources */,
				CB4B6BDF14CB2F3600803144 /* UIView+PSSizes.m in Sources */,
				CB4B6BE014CB2F3600803144 /* UIViewController+PSStackedView.m in Sources */,
				CB4B6C2D14CC32E200803144 /* ConnectionController.m in Sources */,
				CB4B6C2E14CC32E200803144 /* WebViewController.m in Sources */,
				CB4B6C3414CC359000803144 /* ActivityLabel.m in Sources */,
				CB4B6C3714CC3A0F00803144 /* StayConnectedMetrics.m in Sources */,
				6278EEE414CF73D3006F3994 /* ContactBaseImpl.m in Sources */,
				6278EEE514CF73D3006F3994 /* ContactGroupBaseImpl.m in Sources */,
				6278EEE614CF73D3006F3994 /* ContactsProviderBaseImpl.m in Sources */,
				6278EEE914CF73EF006F3994 /* OAuthURLConnection.m in Sources */,
				6278EEEC14CF7428006F3994 /* TwitterCommandBaseImpl.m in Sources */,
				6278EEEF14CF748D006F3994 /* BusyLocker.m in Sources */,
				62F0310614D4A3F600EA58DC /* TwitterContactGroup.m in Sources */,
				4BC2F00414E327E400E5AC76 /* LinkedInGetContacts.m in Sources */,
				4BC2F00714E3281300E5AC76 /* LinkedInCommandBaseImpl.m in Sources */,
				4BC2F00A14E5291100E5AC76 /* LinkedInCreateNewContacts.m in Sources */,
				4BC2F00D14E5360700E5AC76 /* LinkedInSearchContacts.m in Sources */,
				4B98187114E53E3100EC5805 /* LinkedInSendMessage.m in Sources */,
				4BB7B75214E9B09B00D44BE7 /* SettingsController.m in Sources */,
				4BB7B76014EA8B7D00D44BE7 /* ProviderContactsController.m in Sources */,
				4BB7B76314EAAE1000D44BE7 /* LocalContactsController.m in Sources */,
				4BB7B76B14EC482200D44BE7 /* StayConnected.xcdatamodeld in Sources */,
				4BF2F2DF14EC538E00383CCE /* Account.m in Sources */,
				4BF2F2E214EC53A600383CCE /* Friend.m in Sources */,
				4BF2F2E514EC599E00383CCE /* DataStore.m in Sources */,
			);
			runOnlyForDeploymentPostprocessing = 0;
		};
/* End PBXSourcesBuildPhase section */

/* Begin PBXVariantGroup section */
		4B71228214BCC26F00F2C5B6 /* InfoPlist.strings */ = {
			isa = PBXVariantGroup;
			children = (
				4B71228314BCC26F00F2C5B6 /* en */,
			);
			name = InfoPlist.strings;
			sourceTree = "<group>";
		};
		CB4B6AE514CB292E00803144 /* MainWindow-iPad.xib */ = {
			isa = PBXVariantGroup;
			children = (
				CB4B6AE614CB292E00803144 /* en */,
			);
			name = "MainWindow-iPad.xib";
			sourceTree = "<group>";
		};
		CB4B6AE714CB292E00803144 /* MainWindow.xib */ = {
			isa = PBXVariantGroup;
			children = (
				CB4B6AE814CB292E00803144 /* en */,
			);
			name = MainWindow.xib;
			sourceTree = "<group>";
		};
/* End PBXVariantGroup section */

/* Begin XCBuildConfiguration section */
		4BBCA74914BCC1D5004B135E /* Debug */ = {
			isa = XCBuildConfiguration;
			buildSettings = {
				ARCHS = "$(ARCHS_STANDARD_32_BIT)";
				"CODE_SIGN_IDENTITY[sdk=iphoneos*]" = "iPhone Developer";
				GCC_C_LANGUAGE_STANDARD = gnu99;
				GCC_OPTIMIZATION_LEVEL = 0;
				GCC_PREPROCESSOR_DEFINITIONS = DEBUG;
				GCC_SYMBOLS_PRIVATE_EXTERN = NO;
				GCC_VERSION = com.apple.compilers.llvmgcc42;
				GCC_WARN_ABOUT_RETURN_TYPE = YES;
				GCC_WARN_UNUSED_VARIABLE = YES;
				IPHONEOS_DEPLOYMENT_TARGET = 4.3;
				SDKROOT = iphoneos;
			};
			name = Debug;
		};
		4BBCA74A14BCC1D5004B135E /* Release */ = {
			isa = XCBuildConfiguration;
			buildSettings = {
				ARCHS = "$(ARCHS_STANDARD_32_BIT)";
				"CODE_SIGN_IDENTITY[sdk=iphoneos*]" = "iPhone Developer";
				GCC_C_LANGUAGE_STANDARD = gnu99;
				GCC_VERSION = com.apple.compilers.llvmgcc42;
				GCC_WARN_ABOUT_RETURN_TYPE = YES;
				GCC_WARN_UNUSED_VARIABLE = YES;
				IPHONEOS_DEPLOYMENT_TARGET = 4.3;
				OTHER_CFLAGS = "-DNS_BLOCK_ASSERTIONS=1";
				SDKROOT = iphoneos;
			};
			name = Release;
		};
		4BBCA74C14BCC1D5004B135E /* Debug */ = {
			isa = XCBuildConfiguration;
			buildSettings = {
				ALWAYS_SEARCH_USER_PATHS = NO;
				COPY_PHASE_STRIP = NO;
				GCC_DYNAMIC_NO_PIC = NO;
				GCC_PRECOMPILE_PREFIX_HEADER = YES;
				GCC_PREFIX_HEADER = "src/StayConnected/StayConnected-Prefix.pch";
				GCC_VERSION = com.apple.compilers.llvm.clang.1_0;
				INFOPLIST_FILE = "src/StayConnected/StayConnected-Info.plist";
				IPHONEOS_DEPLOYMENT_TARGET = 4.0;
				PRODUCT_NAME = "$(TARGET_NAME)";
				TARGETED_DEVICE_FAMILY = "1,2";
				WRAPPER_EXTENSION = app;
			};
			name = Debug;
		};
		4BBCA74D14BCC1D5004B135E /* Release */ = {
			isa = XCBuildConfiguration;
			buildSettings = {
				ALWAYS_SEARCH_USER_PATHS = NO;
				COPY_PHASE_STRIP = YES;
				GCC_PRECOMPILE_PREFIX_HEADER = YES;
				GCC_PREFIX_HEADER = "src/StayConnected/StayConnected-Prefix.pch";
				GCC_VERSION = com.apple.compilers.llvm.clang.1_0;
				INFOPLIST_FILE = "src/StayConnected/StayConnected-Info.plist";
				IPHONEOS_DEPLOYMENT_TARGET = 4.0;
				PRODUCT_NAME = "$(TARGET_NAME)";
				TARGETED_DEVICE_FAMILY = "1,2";
				VALIDATE_PRODUCT = YES;
				WRAPPER_EXTENSION = app;
			};
			name = Release;
		};
/* End XCBuildConfiguration section */

/* Begin XCConfigurationList section */
		4BBCA72414BCC1D4004B135E /* Build configuration list for PBXProject "StayConnected" */ = {
			isa = XCConfigurationList;
			buildConfigurations = (
				4BBCA74914BCC1D5004B135E /* Debug */,
				4BBCA74A14BCC1D5004B135E /* Release */,
			);
			defaultConfigurationIsVisible = 0;
			defaultConfigurationName = Release;
		};
		4BBCA74B14BCC1D5004B135E /* Build configuration list for PBXNativeTarget "StayConnected" */ = {
			isa = XCConfigurationList;
			buildConfigurations = (
				4BBCA74C14BCC1D5004B135E /* Debug */,
				4BBCA74D14BCC1D5004B135E /* Release */,
			);
			defaultConfigurationIsVisible = 0;
			defaultConfigurationName = Release;
		};
/* End XCConfigurationList section */

/* Begin XCVersionGroup section */
		4BB7B76914EC482200D44BE7 /* StayConnected.xcdatamodeld */ = {
			isa = XCVersionGroup;
			children = (
				4BB7B76A14EC482200D44BE7 /* StayConnected.xcdatamodel */,
			);
			currentVersion = 4BB7B76A14EC482200D44BE7 /* StayConnected.xcdatamodel */;
			name = StayConnected.xcdatamodeld;
			path = Model/StayConnected.xcdatamodeld;
			sourceTree = "<group>";
			versionGroupType = wrapper.xcdatamodel;
		};
/* End XCVersionGroup section */
	};
	rootObject = 4BBCA72114BCC1D4004B135E /* Project object */;
}
